// !$*UTF8*$!
{
	archiveVersion = 1;
	classes = {
	};
	objectVersion = 51;
	objects = {

/* Begin PBXBuildFile section */
		347F50FE7725D399E70DD317 /* Pods_fullwallpaper.framework in Frameworks */ = {isa = PBXBuildFile; fileRef = 10DD94CFAF8E4BE4C42864FA /* Pods_fullwallpaper.framework */; };
		55370FAC2553B5700003CAD5 /* GlobalFunctions.swift in Sources */ = {isa = PBXBuildFile; fileRef = 55370FAB2553B5700003CAD5 /* GlobalFunctions.swift */; };
		55370FAF2553B5800003CAD5 /* GlobalVariables.swift in Sources */ = {isa = PBXBuildFile; fileRef = 55370FAE2553B5800003CAD5 /* GlobalVariables.swift */; };
		55370FB22553B5A10003CAD5 /* Category.swift in Sources */ = {isa = PBXBuildFile; fileRef = 55370FB12553B5A10003CAD5 /* Category.swift */; };
		55370FBD2553B7130003CAD5 /* Reachability.swift in Sources */ = {isa = PBXBuildFile; fileRef = 55370FBC2553B7130003CAD5 /* Reachability.swift */; };
		55537E2E254B2572005081CF /* ClickerScript-Regular.ttf in Resources */ = {isa = PBXBuildFile; fileRef = 55537E2D254B2572005081CF /* ClickerScript-Regular.ttf */; };
		55537E31254B341C005081CF /* TabBarController.swift in Sources */ = {isa = PBXBuildFile; fileRef = 55537E30254B341C005081CF /* TabBarController.swift */; };
		55537E34254B3ECD005081CF /* CategoryVC.swift in Sources */ = {isa = PBXBuildFile; fileRef = 55537E33254B3ECD005081CF /* CategoryVC.swift */; };
		55537E37254B3F1D005081CF /* CategoryTableViewCell.swift in Sources */ = {isa = PBXBuildFile; fileRef = 55537E36254B3F1D005081CF /* CategoryTableViewCell.swift */; };
		55537E3A254BBEE4005081CF /* WallpaperDetailVC.swift in Sources */ = {isa = PBXBuildFile; fileRef = 55537E39254BBEE4005081CF /* WallpaperDetailVC.swift */; };
		5577BE0B254A8767008A1F14 /* WallpaperCollectionViewCell.swift in Sources */ = {isa = PBXBuildFile; fileRef = 5577BE0A254A8767008A1F14 /* WallpaperCollectionViewCell.swift */; };
		5577BE10254A88F0008A1F14 /* GlobalConstants.swift in Sources */ = {isa = PBXBuildFile; fileRef = 5577BE0F254A88F0008A1F14 /* GlobalConstants.swift */; };
		55F39927254A624D0094A477 /* AppDelegate.swift in Sources */ = {isa = PBXBuildFile; fileRef = 55F39926254A624D0094A477 /* AppDelegate.swift */; };
		55F39929254A624D0094A477 /* SceneDelegate.swift in Sources */ = {isa = PBXBuildFile; fileRef = 55F39928254A624D0094A477 /* SceneDelegate.swift */; };
		55F3992B254A624D0094A477 /* WallpaperVC.swift in Sources */ = {isa = PBXBuildFile; fileRef = 55F3992A254A624D0094A477 /* WallpaperVC.swift */; };
		55F3992E254A624D0094A477 /* Main.storyboard in Resources */ = {isa = PBXBuildFile; fileRef = 55F3992C254A624D0094A477 /* Main.storyboard */; };
		55F39933254A624D0094A477 /* LaunchScreen.storyboard in Resources */ = {isa = PBXBuildFile; fileRef = 55F39931254A624D0094A477 /* LaunchScreen.storyboard */; };
		C311F9C3255E1124000FCED2 /* UploadWallpaperVC.swift in Sources */ = {isa = PBXBuildFile; fileRef = C311F9C2255E1124000FCED2 /* UploadWallpaperVC.swift */; };
		C311F9C6255E14B5000FCED2 /* GlobalEnums.swift in Sources */ = {isa = PBXBuildFile; fileRef = C311F9C5255E14B5000FCED2 /* GlobalEnums.swift */; };
		C32CB0CC2579F47C000DDCF1 /* SetUserProfileVC.swift in Sources */ = {isa = PBXBuildFile; fileRef = C32CB0CB2579F47C000DDCF1 /* SetUserProfileVC.swift */; };
		C36F6FE82569A9B60072AEDE /* SearchVC.swift in Sources */ = {isa = PBXBuildFile; fileRef = C36F6FE72569A9B60072AEDE /* SearchVC.swift */; };
		C3770DA9255CF99700D240CB /* Assets.xcassets in Resources */ = {isa = PBXBuildFile; fileRef = 55F3992F254A624D0094A477 /* Assets.xcassets */; };
		C3770DCE255D143F00D240CB /* SettingTableViewCellWithValue.swift in Sources */ = {isa = PBXBuildFile; fileRef = C3770DCD255D143F00D240CB /* SettingTableViewCellWithValue.swift */; };
		C3871DF0255A6CA7001DF6C4 /* LoginVC.swift in Sources */ = {isa = PBXBuildFile; fileRef = C3871DEF255A6CA7001DF6C4 /* LoginVC.swift */; };
		C38E1DFD255662E4004D008A /* Wallpaper.swift in Sources */ = {isa = PBXBuildFile; fileRef = C38E1DFC255662E4004D008A /* Wallpaper.swift */; };
		C3C3565325570EB7006F137B /* CategoryCollectionVC.swift in Sources */ = {isa = PBXBuildFile; fileRef = C3C3565225570EB7006F137B /* CategoryCollectionVC.swift */; };
		C3C3565625571DA7006F137B /* SettingTableViewCell.swift in Sources */ = {isa = PBXBuildFile; fileRef = C3C3565525571DA7006F137B /* SettingTableViewCell.swift */; };
		C3C3565925572154006F137B /* SettingVC.swift in Sources */ = {isa = PBXBuildFile; fileRef = C3C3565825572154006F137B /* SettingVC.swift */; };
		C3C3565D2557247F006F137B /* Light.plist in Resources */ = {isa = PBXBuildFile; fileRef = C3C3565C2557247F006F137B /* Light.plist */; };
		C3C3566025572489006F137B /* Dark.plist in Resources */ = {isa = PBXBuildFile; fileRef = C3C3565F25572489006F137B /* Dark.plist */; };
		C3C3566325573B03006F137B /* SettingItem.swift in Sources */ = {isa = PBXBuildFile; fileRef = C3C3566225573B03006F137B /* SettingItem.swift */; };
		C3C48F22256A2D6A00507582 /* CollectionVC.swift in Sources */ = {isa = PBXBuildFile; fileRef = C3C48F21256A2D6A00507582 /* CollectionVC.swift */; };
		C3C48F25256A2E0A00507582 /* CollectionItemsVC.swift in Sources */ = {isa = PBXBuildFile; fileRef = C3C48F24256A2E0A00507582 /* CollectionItemsVC.swift */; };
		C3D5D818257C5D3F006DA951 /* AuditVC.swift in Sources */ = {isa = PBXBuildFile; fileRef = C3D5D817257C5D3F006DA951 /* AuditVC.swift */; };
		C3D5D81B257C5F87006DA951 /* AuditCollectionViewCell.swift in Sources */ = {isa = PBXBuildFile; fileRef = C3D5D81A257C5F87006DA951 /* AuditCollectionViewCell.swift */; };
		C3D5D81E257C694C006DA951 /* WallpaperInReview.swift in Sources */ = {isa = PBXBuildFile; fileRef = C3D5D81D257C694C006DA951 /* WallpaperInReview.swift */; };
		C3D5D821257D74BB006DA951 /* UserProfileVC.swift in Sources */ = {isa = PBXBuildFile; fileRef = C3D5D820257D74BA006DA951 /* UserProfileVC.swift */; };
		C3E09BDB255CBE1600C4F238 /* AiNiChuanYueRenHai.ttf in Resources */ = {isa = PBXBuildFile; fileRef = C3E09BDA255CBE1600C4F238 /* AiNiChuanYueRenHai.ttf */; };
		C3E860752567531900559783 /* Date+NSDate.swift in Sources */ = {isa = PBXBuildFile; fileRef = C3E860742567531900559783 /* Date+NSDate.swift */; };
		C3FC6231257DCC2F00E1A547 /* UIImage+Ext.swift in Sources */ = {isa = PBXBuildFile; fileRef = C3FC6230257DCC2F00E1A547 /* UIImage+Ext.swift */; };
/* End PBXBuildFile section */

/* Begin PBXFileReference section */
		0C7D111B56BE41451438404E /* Pods-fullwallpaper.debug.xcconfig */ = {isa = PBXFileReference; includeInIndex = 1; lastKnownFileType = text.xcconfig; name = "Pods-fullwallpaper.debug.xcconfig"; path = "Target Support Files/Pods-fullwallpaper/Pods-fullwallpaper.debug.xcconfig"; sourceTree = "<group>"; };
		10DD94CFAF8E4BE4C42864FA /* Pods_fullwallpaper.framework */ = {isa = PBXFileReference; explicitFileType = wrapper.framework; includeInIndex = 0; path = Pods_fullwallpaper.framework; sourceTree = BUILT_PRODUCTS_DIR; };
		393206362709D374CF5A3AF9 /* Pods-fullwallpaper.release.xcconfig */ = {isa = PBXFileReference; includeInIndex = 1; lastKnownFileType = text.xcconfig; name = "Pods-fullwallpaper.release.xcconfig"; path = "Target Support Files/Pods-fullwallpaper/Pods-fullwallpaper.release.xcconfig"; sourceTree = "<group>"; };
		55370FAB2553B5700003CAD5 /* GlobalFunctions.swift */ = {isa = PBXFileReference; lastKnownFileType = sourcecode.swift; path = GlobalFunctions.swift; sourceTree = "<group>"; };
		55370FAE2553B5800003CAD5 /* GlobalVariables.swift */ = {isa = PBXFileReference; lastKnownFileType = sourcecode.swift; path = GlobalVariables.swift; sourceTree = "<group>"; };
		55370FB12553B5A10003CAD5 /* Category.swift */ = {isa = PBXFileReference; lastKnownFileType = sourcecode.swift; path = Category.swift; sourceTree = "<group>"; };
		55370FBC2553B7130003CAD5 /* Reachability.swift */ = {isa = PBXFileReference; lastKnownFileType = sourcecode.swift; path = Reachability.swift; sourceTree = "<group>"; };
		55537E2D254B2572005081CF /* ClickerScript-Regular.ttf */ = {isa = PBXFileReference; lastKnownFileType = file; path = "ClickerScript-Regular.ttf"; sourceTree = "<group>"; };
		55537E30254B341C005081CF /* TabBarController.swift */ = {isa = PBXFileReference; lastKnownFileType = sourcecode.swift; path = TabBarController.swift; sourceTree = "<group>"; };
		55537E33254B3ECD005081CF /* CategoryVC.swift */ = {isa = PBXFileReference; lastKnownFileType = sourcecode.swift; path = CategoryVC.swift; sourceTree = "<group>"; };
		55537E36254B3F1D005081CF /* CategoryTableViewCell.swift */ = {isa = PBXFileReference; lastKnownFileType = sourcecode.swift; path = CategoryTableViewCell.swift; sourceTree = "<group>"; };
		55537E39254BBEE4005081CF /* WallpaperDetailVC.swift */ = {isa = PBXFileReference; lastKnownFileType = sourcecode.swift; path = WallpaperDetailVC.swift; sourceTree = "<group>"; };
		5577BE0A254A8767008A1F14 /* WallpaperCollectionViewCell.swift */ = {isa = PBXFileReference; lastKnownFileType = sourcecode.swift; path = WallpaperCollectionViewCell.swift; sourceTree = "<group>"; };
		5577BE0F254A88F0008A1F14 /* GlobalConstants.swift */ = {isa = PBXFileReference; lastKnownFileType = sourcecode.swift; path = GlobalConstants.swift; sourceTree = "<group>"; };
		55F39923254A624D0094A477 /* fullwallpaper.app */ = {isa = PBXFileReference; explicitFileType = wrapper.application; includeInIndex = 0; path = fullwallpaper.app; sourceTree = BUILT_PRODUCTS_DIR; };
		55F39926254A624D0094A477 /* AppDelegate.swift */ = {isa = PBXFileReference; lastKnownFileType = sourcecode.swift; path = AppDelegate.swift; sourceTree = "<group>"; };
		55F39928254A624D0094A477 /* SceneDelegate.swift */ = {isa = PBXFileReference; lastKnownFileType = sourcecode.swift; path = SceneDelegate.swift; sourceTree = "<group>"; };
		55F3992A254A624D0094A477 /* WallpaperVC.swift */ = {isa = PBXFileReference; lastKnownFileType = sourcecode.swift; path = WallpaperVC.swift; sourceTree = "<group>"; };
		55F3992D254A624D0094A477 /* Base */ = {isa = PBXFileReference; lastKnownFileType = file.storyboard; name = Base; path = Base.lproj/Main.storyboard; sourceTree = "<group>"; };
		55F3992F254A624D0094A477 /* Assets.xcassets */ = {isa = PBXFileReference; lastKnownFileType = folder.assetcatalog; path = Assets.xcassets; sourceTree = "<group>"; };
		55F39932254A624D0094A477 /* Base */ = {isa = PBXFileReference; lastKnownFileType = file.storyboard; name = Base; path = Base.lproj/LaunchScreen.storyboard; sourceTree = "<group>"; };
		55F39934254A624D0094A477 /* Info.plist */ = {isa = PBXFileReference; lastKnownFileType = text.plist.xml; path = Info.plist; sourceTree = "<group>"; };
		C311F9C2255E1124000FCED2 /* UploadWallpaperVC.swift */ = {isa = PBXFileReference; lastKnownFileType = sourcecode.swift; path = UploadWallpaperVC.swift; sourceTree = "<group>"; };
		C311F9C5255E14B5000FCED2 /* GlobalEnums.swift */ = {isa = PBXFileReference; lastKnownFileType = sourcecode.swift; path = GlobalEnums.swift; sourceTree = "<group>"; };
		C32CB0CB2579F47C000DDCF1 /* SetUserProfileVC.swift */ = {isa = PBXFileReference; lastKnownFileType = sourcecode.swift; path = SetUserProfileVC.swift; sourceTree = "<group>"; };
		C36F6FE72569A9B60072AEDE /* SearchVC.swift */ = {isa = PBXFileReference; lastKnownFileType = sourcecode.swift; path = SearchVC.swift; sourceTree = "<group>"; };
		C3770DCD255D143F00D240CB /* SettingTableViewCellWithValue.swift */ = {isa = PBXFileReference; lastKnownFileType = sourcecode.swift; path = SettingTableViewCellWithValue.swift; sourceTree = "<group>"; };
		C3871DEF255A6CA7001DF6C4 /* LoginVC.swift */ = {isa = PBXFileReference; lastKnownFileType = sourcecode.swift; path = LoginVC.swift; sourceTree = "<group>"; };
		C38E1DFC255662E4004D008A /* Wallpaper.swift */ = {isa = PBXFileReference; lastKnownFileType = sourcecode.swift; path = Wallpaper.swift; sourceTree = "<group>"; };
		C3C3565225570EB7006F137B /* CategoryCollectionVC.swift */ = {isa = PBXFileReference; lastKnownFileType = sourcecode.swift; path = CategoryCollectionVC.swift; sourceTree = "<group>"; };
		C3C3565525571DA7006F137B /* SettingTableViewCell.swift */ = {isa = PBXFileReference; lastKnownFileType = sourcecode.swift; path = SettingTableViewCell.swift; sourceTree = "<group>"; };
		C3C3565825572154006F137B /* SettingVC.swift */ = {isa = PBXFileReference; lastKnownFileType = sourcecode.swift; path = SettingVC.swift; sourceTree = "<group>"; };
		C3C3565C2557247F006F137B /* Light.plist */ = {isa = PBXFileReference; lastKnownFileType = text.plist.xml; path = Light.plist; sourceTree = "<group>"; };
		C3C3565F25572489006F137B /* Dark.plist */ = {isa = PBXFileReference; lastKnownFileType = text.plist.xml; path = Dark.plist; sourceTree = "<group>"; };
		C3C3566225573B03006F137B /* SettingItem.swift */ = {isa = PBXFileReference; lastKnownFileType = sourcecode.swift; path = SettingItem.swift; sourceTree = "<group>"; };
		C3C48F21256A2D6A00507582 /* CollectionVC.swift */ = {isa = PBXFileReference; lastKnownFileType = sourcecode.swift; path = CollectionVC.swift; sourceTree = "<group>"; };
		C3C48F24256A2E0A00507582 /* CollectionItemsVC.swift */ = {isa = PBXFileReference; lastKnownFileType = sourcecode.swift; path = CollectionItemsVC.swift; sourceTree = "<group>"; };
		C3D5D817257C5D3F006DA951 /* AuditVC.swift */ = {isa = PBXFileReference; lastKnownFileType = sourcecode.swift; path = AuditVC.swift; sourceTree = "<group>"; };
		C3D5D81A257C5F87006DA951 /* AuditCollectionViewCell.swift */ = {isa = PBXFileReference; lastKnownFileType = sourcecode.swift; path = AuditCollectionViewCell.swift; sourceTree = "<group>"; };
		C3D5D81D257C694C006DA951 /* WallpaperInReview.swift */ = {isa = PBXFileReference; lastKnownFileType = sourcecode.swift; path = WallpaperInReview.swift; sourceTree = "<group>"; };
		C3D5D820257D74BA006DA951 /* UserProfileVC.swift */ = {isa = PBXFileReference; lastKnownFileType = sourcecode.swift; path = UserProfileVC.swift; sourceTree = "<group>"; };
		C3E09BDA255CBE1600C4F238 /* AiNiChuanYueRenHai.ttf */ = {isa = PBXFileReference; lastKnownFileType = file; path = AiNiChuanYueRenHai.ttf; sourceTree = "<group>"; };
		C3E860742567531900559783 /* Date+NSDate.swift */ = {isa = PBXFileReference; lastKnownFileType = sourcecode.swift; path = "Date+NSDate.swift"; sourceTree = "<group>"; };
		C3FC6230257DCC2F00E1A547 /* UIImage+Ext.swift */ = {isa = PBXFileReference; lastKnownFileType = sourcecode.swift; path = "UIImage+Ext.swift"; sourceTree = "<group>"; };
/* End PBXFileReference section */

/* Begin PBXFrameworksBuildPhase section */
		55F39920254A624D0094A477 /* Frameworks */ = {
			isa = PBXFrameworksBuildPhase;
			buildActionMask = 2147483647;
			files = (
				347F50FE7725D399E70DD317 /* Pods_fullwallpaper.framework in Frameworks */,
			);
			runOnlyForDeploymentPostprocessing = 0;
		};
/* End PBXFrameworksBuildPhase section */

/* Begin PBXGroup section */
		1CC78923427563132D934FFC /* Pods */ = {
			isa = PBXGroup;
			children = (
				0C7D111B56BE41451438404E /* Pods-fullwallpaper.debug.xcconfig */,
				393206362709D374CF5A3AF9 /* Pods-fullwallpaper.release.xcconfig */,
			);
			path = Pods;
			sourceTree = "<group>";
		};
		55370FB42553B5A90003CAD5 /* Model */ = {
			isa = PBXGroup;
			children = (
				55370FB12553B5A10003CAD5 /* Category.swift */,
				C38E1DFC255662E4004D008A /* Wallpaper.swift */,
				C3D5D81D257C694C006DA951 /* WallpaperInReview.swift */,
			);
			path = Model;
			sourceTree = "<group>";
		};
		55370FBB2553B70B0003CAD5 /* Util */ = {
			isa = PBXGroup;
			children = (
				55370FBC2553B7130003CAD5 /* Reachability.swift */,
				C3C3566225573B03006F137B /* SettingItem.swift */,
			);
			path = Util;
			sourceTree = "<group>";
		};
		5577BE0E254A88E1008A1F14 /* Global */ = {
			isa = PBXGroup;
			children = (
				5577BE0F254A88F0008A1F14 /* GlobalConstants.swift */,
				55370FAB2553B5700003CAD5 /* GlobalFunctions.swift */,
				55370FAE2553B5800003CAD5 /* GlobalVariables.swift */,
				C311F9C5255E14B5000FCED2 /* GlobalEnums.swift */,
			);
			path = Global;
			sourceTree = "<group>";
		};
		55F3991A254A624D0094A477 = {
			isa = PBXGroup;
			children = (
				55F39925254A624D0094A477 /* fullwallpaper */,
				55F39924254A624D0094A477 /* Products */,
				1CC78923427563132D934FFC /* Pods */,
				7251BC76C5EE1D501D93AD04 /* Frameworks */,
			);
			sourceTree = "<group>";
		};
		55F39924254A624D0094A477 /* Products */ = {
			isa = PBXGroup;
			children = (
				55F39923254A624D0094A477 /* fullwallpaper.app */,
			);
			name = Products;
			sourceTree = "<group>";
		};
		55F39925254A624D0094A477 /* fullwallpaper */ = {
			isa = PBXGroup;
			children = (
				C3C3565B25572468006F137B /* Theme */,
				C303B9E625551BAF005C7A50 /* Extensions */,
				55370FBB2553B70B0003CAD5 /* Util */,
				55370FB42553B5A90003CAD5 /* Model */,
				5577BE0E254A88E1008A1F14 /* Global */,
				55F39942254A7CE00094A477 /* Fonts */,
				55F3993E254A7B810094A477 /* Views */,
				55F3993D254A7B790094A477 /* Controllers */,
				55F39926254A624D0094A477 /* AppDelegate.swift */,
				55F39928254A624D0094A477 /* SceneDelegate.swift */,
				55F3992C254A624D0094A477 /* Main.storyboard */,
				55F3992F254A624D0094A477 /* Assets.xcassets */,
				55F39931254A624D0094A477 /* LaunchScreen.storyboard */,
				55F39934254A624D0094A477 /* Info.plist */,
			);
			path = fullwallpaper;
			sourceTree = "<group>";
		};
		55F3993D254A7B790094A477 /* Controllers */ = {
			isa = PBXGroup;
			children = (
				55F3992A254A624D0094A477 /* WallpaperVC.swift */,
				55537E30254B341C005081CF /* TabBarController.swift */,
				55537E33254B3ECD005081CF /* CategoryVC.swift */,
				55537E39254BBEE4005081CF /* WallpaperDetailVC.swift */,
				C3C3565225570EB7006F137B /* CategoryCollectionVC.swift */,
				C3C3565825572154006F137B /* SettingVC.swift */,
				C3871DEF255A6CA7001DF6C4 /* LoginVC.swift */,
				C311F9C2255E1124000FCED2 /* UploadWallpaperVC.swift */,
				C36F6FE72569A9B60072AEDE /* SearchVC.swift */,
				C3C48F21256A2D6A00507582 /* CollectionVC.swift */,
				C3C48F24256A2E0A00507582 /* CollectionItemsVC.swift */,
				C32CB0CB2579F47C000DDCF1 /* SetUserProfileVC.swift */,
				C3D5D817257C5D3F006DA951 /* AuditVC.swift */,
				C3D5D820257D74BA006DA951 /* UserProfileVC.swift */,
			);
			path = Controllers;
			sourceTree = "<group>";
		};
		55F3993E254A7B810094A477 /* Views */ = {
			isa = PBXGroup;
			children = (
				5577BE0A254A8767008A1F14 /* WallpaperCollectionViewCell.swift */,
				55537E36254B3F1D005081CF /* CategoryTableViewCell.swift */,
				C3C3565525571DA7006F137B /* SettingTableViewCell.swift */,
				C3770DCD255D143F00D240CB /* SettingTableViewCellWithValue.swift */,
				C3D5D81A257C5F87006DA951 /* AuditCollectionViewCell.swift */,
			);
			path = Views;
			sourceTree = "<group>";
		};
		55F39942254A7CE00094A477 /* Fonts */ = {
			isa = PBXGroup;
			children = (
				C3E09BDA255CBE1600C4F238 /* AiNiChuanYueRenHai.ttf */,
				55537E2D254B2572005081CF /* ClickerScript-Regular.ttf */,
			);
			path = Fonts;
			sourceTree = "<group>";
		};
		7251BC76C5EE1D501D93AD04 /* Frameworks */ = {
			isa = PBXGroup;
			children = (
				10DD94CFAF8E4BE4C42864FA /* Pods_fullwallpaper.framework */,
			);
			name = Frameworks;
			sourceTree = "<group>";
		};
		C303B9E625551BAF005C7A50 /* Extensions */ = {
			isa = PBXGroup;
			children = (
				C3E860742567531900559783 /* Date+NSDate.swift */,
				C3FC6230257DCC2F00E1A547 /* UIImage+Ext.swift */,
			);
			path = Extensions;
			sourceTree = "<group>";
		};
		C3C3565B25572468006F137B /* Theme */ = {
			isa = PBXGroup;
			children = (
				C3C3565C2557247F006F137B /* Light.plist */,
				C3C3565F25572489006F137B /* Dark.plist */,
			);
			path = Theme;
			sourceTree = "<group>";
		};
/* End PBXGroup section */

/* Begin PBXNativeTarget section */
		55F39922254A624D0094A477 /* fullwallpaper */ = {
			isa = PBXNativeTarget;
			buildConfigurationList = 55F39937254A624D0094A477 /* Build configuration list for PBXNativeTarget "fullwallpaper" */;
			buildPhases = (
				DB32B64519C5981620ECB276 /* [CP] Check Pods Manifest.lock */,
				55F3991F254A624D0094A477 /* Sources */,
				55F39920254A624D0094A477 /* Frameworks */,
				55F39921254A624D0094A477 /* Resources */,
				8DDB3117ADC3BA9F4BC5F44C /* [CP] Embed Pods Frameworks */,
			);
			buildRules = (
			);
			dependencies = (
			);
			name = fullwallpaper;
			productName = fullwallpaper;
			productReference = 55F39923254A624D0094A477 /* fullwallpaper.app */;
			productType = "com.apple.product-type.application";
		};
/* End PBXNativeTarget section */

/* Begin PBXProject section */
		55F3991B254A624D0094A477 /* Project object */ = {
			isa = PBXProject;
			attributes = {
				LastSwiftUpdateCheck = 1210;
				LastUpgradeCheck = 1210;
				TargetAttributes = {
					55F39922254A624D0094A477 = {
						CreatedOnToolsVersion = 12.1;
					};
				};
			};
			buildConfigurationList = 55F3991E254A624D0094A477 /* Build configuration list for PBXProject "fullwallpaper" */;
			compatibilityVersion = "Xcode 9.3";
			developmentRegion = en;
			hasScannedForEncodings = 0;
			knownRegions = (
				en,
				Base,
			);
			mainGroup = 55F3991A254A624D0094A477;
			productRefGroup = 55F39924254A624D0094A477 /* Products */;
			projectDirPath = "";
			projectRoot = "";
			targets = (
				55F39922254A624D0094A477 /* fullwallpaper */,
			);
		};
/* End PBXProject section */

/* Begin PBXResourcesBuildPhase section */
		55F39921254A624D0094A477 /* Resources */ = {
			isa = PBXResourcesBuildPhase;
			buildActionMask = 2147483647;
			files = (
				C3C3566025572489006F137B /* Dark.plist in Resources */,
				C3E09BDB255CBE1600C4F238 /* AiNiChuanYueRenHai.ttf in Resources */,
				55F39933254A624D0094A477 /* LaunchScreen.storyboard in Resources */,
				C3C3565D2557247F006F137B /* Light.plist in Resources */,
				C3770DA9255CF99700D240CB /* Assets.xcassets in Resources */,
				55537E2E254B2572005081CF /* ClickerScript-Regular.ttf in Resources */,
				55F3992E254A624D0094A477 /* Main.storyboard in Resources */,
			);
			runOnlyForDeploymentPostprocessing = 0;
		};
/* End PBXResourcesBuildPhase section */

/* Begin PBXShellScriptBuildPhase section */
		8DDB3117ADC3BA9F4BC5F44C /* [CP] Embed Pods Frameworks */ = {
			isa = PBXShellScriptBuildPhase;
			buildActionMask = 2147483647;
			files = (
			);
			inputFileListPaths = (
				"${PODS_ROOT}/Target Support Files/Pods-fullwallpaper/Pods-fullwallpaper-frameworks-${CONFIGURATION}-input-files.xcfilelist",
			);
			name = "[CP] Embed Pods Frameworks";
			outputFileListPaths = (
				"${PODS_ROOT}/Target Support Files/Pods-fullwallpaper/Pods-fullwallpaper-frameworks-${CONFIGURATION}-output-files.xcfilelist",
			);
			runOnlyForDeploymentPostprocessing = 0;
			shellPath = /bin/sh;
			shellScript = "\"${PODS_ROOT}/Target Support Files/Pods-fullwallpaper/Pods-fullwallpaper-frameworks.sh\"\n";
			showEnvVarsInLog = 0;
		};
		DB32B64519C5981620ECB276 /* [CP] Check Pods Manifest.lock */ = {
			isa = PBXShellScriptBuildPhase;
			buildActionMask = 2147483647;
			files = (
			);
			inputFileListPaths = (
			);
			inputPaths = (
				"${PODS_PODFILE_DIR_PATH}/Podfile.lock",
				"${PODS_ROOT}/Manifest.lock",
			);
			name = "[CP] Check Pods Manifest.lock";
			outputFileListPaths = (
			);
			outputPaths = (
				"$(DERIVED_FILE_DIR)/Pods-fullwallpaper-checkManifestLockResult.txt",
			);
			runOnlyForDeploymentPostprocessing = 0;
			shellPath = /bin/sh;
			shellScript = "diff \"${PODS_PODFILE_DIR_PATH}/Podfile.lock\" \"${PODS_ROOT}/Manifest.lock\" > /dev/null\nif [ $? != 0 ] ; then\n    # print error to STDERR\n    echo \"error: The sandbox is not in sync with the Podfile.lock. Run 'pod install' or update your CocoaPods installation.\" >&2\n    exit 1\nfi\n# This output is used by Xcode 'outputs' to avoid re-running this script phase.\necho \"SUCCESS\" > \"${SCRIPT_OUTPUT_FILE_0}\"\n";
			showEnvVarsInLog = 0;
		};
/* End PBXShellScriptBuildPhase section */

/* Begin PBXSourcesBuildPhase section */
		55F3991F254A624D0094A477 /* Sources */ = {
			isa = PBXSourcesBuildPhase;
			buildActionMask = 2147483647;
			files = (
				C3D5D818257C5D3F006DA951 /* AuditVC.swift in Sources */,
				C36F6FE82569A9B60072AEDE /* SearchVC.swift in Sources */,
				C3E860752567531900559783 /* Date+NSDate.swift in Sources */,
				55537E34254B3ECD005081CF /* CategoryVC.swift in Sources */,
				C3871DF0255A6CA7001DF6C4 /* LoginVC.swift in Sources */,
				C3C3565925572154006F137B /* SettingVC.swift in Sources */,
				C3D5D81B257C5F87006DA951 /* AuditCollectionViewCell.swift in Sources */,
				55370FAF2553B5800003CAD5 /* GlobalVariables.swift in Sources */,
				C3770DCE255D143F00D240CB /* SettingTableViewCellWithValue.swift in Sources */,
				C3FC6231257DCC2F00E1A547 /* UIImage+Ext.swift in Sources */,
				C3D5D81E257C694C006DA951 /* WallpaperInReview.swift in Sources */,
				55F3992B254A624D0094A477 /* WallpaperVC.swift in Sources */,
				C311F9C3255E1124000FCED2 /* UploadWallpaperVC.swift in Sources */,
				55537E3A254BBEE4005081CF /* WallpaperDetailVC.swift in Sources */,
				5577BE10254A88F0008A1F14 /* GlobalConstants.swift in Sources */,
				5577BE0B254A8767008A1F14 /* WallpaperCollectionViewCell.swift in Sources */,
				C3C48F25256A2E0A00507582 /* CollectionItemsVC.swift in Sources */,
				55537E31254B341C005081CF /* TabBarController.swift in Sources */,
				C3D5D821257D74BB006DA951 /* UserProfileVC.swift in Sources */,
				C3C3565325570EB7006F137B /* CategoryCollectionVC.swift in Sources */,
				55F39927254A624D0094A477 /* AppDelegate.swift in Sources */,
				C3C3565625571DA7006F137B /* SettingTableViewCell.swift in Sources */,
				C3C3566325573B03006F137B /* SettingItem.swift in Sources */,
				55F39929254A624D0094A477 /* SceneDelegate.swift in Sources */,
				55537E37254B3F1D005081CF /* CategoryTableViewCell.swift in Sources */,
				55370FAC2553B5700003CAD5 /* GlobalFunctions.swift in Sources */,
				C311F9C6255E14B5000FCED2 /* GlobalEnums.swift in Sources */,
				55370FB22553B5A10003CAD5 /* Category.swift in Sources */,
				C32CB0CC2579F47C000DDCF1 /* SetUserProfileVC.swift in Sources */,
				C38E1DFD255662E4004D008A /* Wallpaper.swift in Sources */,
				C3C48F22256A2D6A00507582 /* CollectionVC.swift in Sources */,
				55370FBD2553B7130003CAD5 /* Reachability.swift in Sources */,
			);
			runOnlyForDeploymentPostprocessing = 0;
		};
/* End PBXSourcesBuildPhase section */

/* Begin PBXVariantGroup section */
		55F3992C254A624D0094A477 /* Main.storyboard */ = {
			isa = PBXVariantGroup;
			children = (
				55F3992D254A624D0094A477 /* Base */,
			);
			name = Main.storyboard;
			sourceTree = "<group>";
		};
		55F39931254A624D0094A477 /* LaunchScreen.storyboard */ = {
			isa = PBXVariantGroup;
			children = (
				55F39932254A624D0094A477 /* Base */,
			);
			name = LaunchScreen.storyboard;
			sourceTree = "<group>";
		};
/* End PBXVariantGroup section */

/* Begin XCBuildConfiguration section */
		55F39935254A624D0094A477 /* Debug */ = {
			isa = XCBuildConfiguration;
			buildSettings = {
				ALWAYS_SEARCH_USER_PATHS = NO;
				CLANG_ANALYZER_NONNULL = YES;
				CLANG_ANALYZER_NUMBER_OBJECT_CONVERSION = YES_AGGRESSIVE;
				CLANG_CXX_LANGUAGE_STANDARD = "gnu++14";
				CLANG_CXX_LIBRARY = "libc++";
				CLANG_ENABLE_MODULES = YES;
				CLANG_ENABLE_OBJC_ARC = YES;
				CLANG_ENABLE_OBJC_WEAK = YES;
				CLANG_WARN_BLOCK_CAPTURE_AUTORELEASING = YES;
				CLANG_WARN_BOOL_CONVERSION = YES;
				CLANG_WARN_COMMA = YES;
				CLANG_WARN_CONSTANT_CONVERSION = YES;
				CLANG_WARN_DEPRECATED_OBJC_IMPLEMENTATIONS = YES;
				CLANG_WARN_DIRECT_OBJC_ISA_USAGE = YES_ERROR;
				CLANG_WARN_DOCUMENTATION_COMMENTS = YES;
				CLANG_WARN_EMPTY_BODY = YES;
				CLANG_WARN_ENUM_CONVERSION = YES;
				CLANG_WARN_INFINITE_RECURSION = YES;
				CLANG_WARN_INT_CONVERSION = YES;
				CLANG_WARN_NON_LITERAL_NULL_CONVERSION = YES;
				CLANG_WARN_OBJC_IMPLICIT_RETAIN_SELF = YES;
				CLANG_WARN_OBJC_LITERAL_CONVERSION = YES;
				CLANG_WARN_OBJC_ROOT_CLASS = YES_ERROR;
				CLANG_WARN_QUOTED_INCLUDE_IN_FRAMEWORK_HEADER = YES;
				CLANG_WARN_RANGE_LOOP_ANALYSIS = YES;
				CLANG_WARN_STRICT_PROTOTYPES = YES;
				CLANG_WARN_SUSPICIOUS_MOVE = YES;
				CLANG_WARN_UNGUARDED_AVAILABILITY = YES_AGGRESSIVE;
				CLANG_WARN_UNREACHABLE_CODE = YES;
				CLANG_WARN__DUPLICATE_METHOD_MATCH = YES;
				COPY_PHASE_STRIP = NO;
				DEBUG_INFORMATION_FORMAT = dwarf;
				ENABLE_STRICT_OBJC_MSGSEND = YES;
				ENABLE_TESTABILITY = YES;
				GCC_C_LANGUAGE_STANDARD = gnu11;
				GCC_DYNAMIC_NO_PIC = NO;
				GCC_NO_COMMON_BLOCKS = YES;
				GCC_OPTIMIZATION_LEVEL = 0;
				GCC_PREPROCESSOR_DEFINITIONS = (
					"DEBUG=1",
					"$(inherited)",
				);
				GCC_WARN_64_TO_32_BIT_CONVERSION = YES;
				GCC_WARN_ABOUT_RETURN_TYPE = YES_ERROR;
				GCC_WARN_UNDECLARED_SELECTOR = YES;
				GCC_WARN_UNINITIALIZED_AUTOS = YES_AGGRESSIVE;
				GCC_WARN_UNUSED_FUNCTION = YES;
				GCC_WARN_UNUSED_VARIABLE = YES;
				IPHONEOS_DEPLOYMENT_TARGET = 13.0;
				MTL_ENABLE_DEBUG_INFO = INCLUDE_SOURCE;
				MTL_FAST_MATH = YES;
				ONLY_ACTIVE_ARCH = YES;
				SDKROOT = iphoneos;
				SWIFT_ACTIVE_COMPILATION_CONDITIONS = DEBUG;
				SWIFT_OPTIMIZATION_LEVEL = "-Onone";
			};
			name = Debug;
		};
		55F39936254A624D0094A477 /* Release */ = {
			isa = XCBuildConfiguration;
			buildSettings = {
				ALWAYS_SEARCH_USER_PATHS = NO;
				CLANG_ANALYZER_NONNULL = YES;
				CLANG_ANALYZER_NUMBER_OBJECT_CONVERSION = YES_AGGRESSIVE;
				CLANG_CXX_LANGUAGE_STANDARD = "gnu++14";
				CLANG_CXX_LIBRARY = "libc++";
				CLANG_ENABLE_MODULES = YES;
				CLANG_ENABLE_OBJC_ARC = YES;
				CLANG_ENABLE_OBJC_WEAK = YES;
				CLANG_WARN_BLOCK_CAPTURE_AUTORELEASING = YES;
				CLANG_WARN_BOOL_CONVERSION = YES;
				CLANG_WARN_COMMA = YES;
				CLANG_WARN_CONSTANT_CONVERSION = YES;
				CLANG_WARN_DEPRECATED_OBJC_IMPLEMENTATIONS = YES;
				CLANG_WARN_DIRECT_OBJC_ISA_USAGE = YES_ERROR;
				CLANG_WARN_DOCUMENTATION_COMMENTS = YES;
				CLANG_WARN_EMPTY_BODY = YES;
				CLANG_WARN_ENUM_CONVERSION = YES;
				CLANG_WARN_INFINITE_RECURSION = YES;
				CLANG_WARN_INT_CONVERSION = YES;
				CLANG_WARN_NON_LITERAL_NULL_CONVERSION = YES;
				CLANG_WARN_OBJC_IMPLICIT_RETAIN_SELF = YES;
				CLANG_WARN_OBJC_LITERAL_CONVERSION = YES;
				CLANG_WARN_OBJC_ROOT_CLASS = YES_ERROR;
				CLANG_WARN_QUOTED_INCLUDE_IN_FRAMEWORK_HEADER = YES;
				CLANG_WARN_RANGE_LOOP_ANALYSIS = YES;
				CLANG_WARN_STRICT_PROTOTYPES = YES;
				CLANG_WARN_SUSPICIOUS_MOVE = YES;
				CLANG_WARN_UNGUARDED_AVAILABILITY = YES_AGGRESSIVE;
				CLANG_WARN_UNREACHABLE_CODE = YES;
				CLANG_WARN__DUPLICATE_METHOD_MATCH = YES;
				COPY_PHASE_STRIP = NO;
				DEBUG_INFORMATION_FORMAT = "dwarf-with-dsym";
				ENABLE_NS_ASSERTIONS = NO;
				ENABLE_STRICT_OBJC_MSGSEND = YES;
				GCC_C_LANGUAGE_STANDARD = gnu11;
				GCC_NO_COMMON_BLOCKS = YES;
				GCC_WARN_64_TO_32_BIT_CONVERSION = YES;
				GCC_WARN_ABOUT_RETURN_TYPE = YES_ERROR;
				GCC_WARN_UNDECLARED_SELECTOR = YES;
				GCC_WARN_UNINITIALIZED_AUTOS = YES_AGGRESSIVE;
				GCC_WARN_UNUSED_FUNCTION = YES;
				GCC_WARN_UNUSED_VARIABLE = YES;
				IPHONEOS_DEPLOYMENT_TARGET = 13.0;
				MTL_ENABLE_DEBUG_INFO = NO;
				MTL_FAST_MATH = YES;
				SDKROOT = iphoneos;
				SWIFT_COMPILATION_MODE = wholemodule;
				SWIFT_OPTIMIZATION_LEVEL = "-O";
				VALIDATE_PRODUCT = YES;
			};
			name = Release;
		};
		55F39938254A624D0094A477 /* Debug */ = {
			isa = XCBuildConfiguration;
			baseConfigurationReference = 0C7D111B56BE41451438404E /* Pods-fullwallpaper.debug.xcconfig */;
			buildSettings = {
				ASSETCATALOG_COMPILER_APPICON_NAME = AppIcon;
				ASSETCATALOG_COMPILER_GLOBAL_ACCENT_COLOR_NAME = AccentColor;
				CODE_SIGN_STYLE = Automatic;
				DEVELOPMENT_TEAM = WDA59C4558;
				INFOPLIST_FILE = fullwallpaper/Info.plist;
				LD_RUNPATH_SEARCH_PATHS = (
					"$(inherited)",
					"@executable_path/Frameworks",
				);
				PRODUCT_BUNDLE_IDENTIFIER = hongleir.fullwallpaper;
				PRODUCT_NAME = "$(TARGET_NAME)";
				SWIFT_VERSION = 5.0;
				TARGETED_DEVICE_FAMILY = 1;
			};
			name = Debug;
		};
		55F39939254A624D0094A477 /* Release */ = {
			isa = XCBuildConfiguration;
			baseConfigurationReference = 393206362709D374CF5A3AF9 /* Pods-fullwallpaper.release.xcconfig */;
			buildSettings = {
				ASSETCATALOG_COMPILER_APPICON_NAME = AppIcon;
				ASSETCATALOG_COMPILER_GLOBAL_ACCENT_COLOR_NAME = AccentColor;
				CODE_SIGN_STYLE = Automatic;
				DEVELOPMENT_TEAM = WDA59C4558;
				INFOPLIST_FILE = fullwallpaper/Info.plist;
				LD_RUNPATH_SEARCH_PATHS = (
					"$(inherited)",
					"@executable_path/Frameworks",
				);
				PRODUCT_BUNDLE_IDENTIFIER = hongleir.fullwallpaper;
				PRODUCT_NAME = "$(TARGET_NAME)";
				SWIFT_VERSION = 5.0;
				TARGETED_DEVICE_FAMILY = 1;
			};
			name = Release;
		};
/* End XCBuildConfiguration section */

/* Begin XCConfigurationList section */
		55F3991E254A624D0094A477 /* Build configuration list for PBXProject "fullwallpaper" */ = {
			isa = XCConfigurationList;
			buildConfigurations = (
				55F39935254A624D0094A477 /* Debug */,
				55F39936254A624D0094A477 /* Release */,
			);
			defaultConfigurationIsVisible = 0;
			defaultConfigurationName = Release;
		};
		55F39937254A624D0094A477 /* Build configuration list for PBXNativeTarget "fullwallpaper" */ = {
			isa = XCConfigurationList;
			buildConfigurations = (
				55F39938254A624D0094A477 /* Debug */,
				55F39939254A624D0094A477 /* Release */,
			);
			defaultConfigurationIsVisible = 0;
			defaultConfigurationName = Release;
		};
/* End XCConfigurationList section */
	};
	rootObject = 55F3991B254A624D0094A477 /* Project object */;
}
