// !$*UTF8*$!
{
	archiveVersion = 1;
	classes = {
	};
	objectVersion = 51;
	objects = {

/* Begin PBXBuildFile section */
		55001E1B2491A6D400DF0D0E /* Preference.swift in Sources */ = {isa = PBXBuildFile; fileRef = 55001E1A2491A6D400DF0D0E /* Preference.swift */; };
		55001E1D2491AF7300DF0D0E /* RecordUtil.swift in Sources */ = {isa = PBXBuildFile; fileRef = 55001E1C2491AF7300DF0D0E /* RecordUtil.swift */; };
		55001E1F2491AFF600DF0D0E /* FunctionUtil.swift in Sources */ = {isa = PBXBuildFile; fileRef = 55001E1E2491AFF600DF0D0E /* FunctionUtil.swift */; };
		55001E212491B1FC00DF0D0E /* ThemeUtil.swift in Sources */ = {isa = PBXBuildFile; fileRef = 55001E202491B1FC00DF0D0E /* ThemeUtil.swift */; };
		55001E232491B21A00DF0D0E /* BookUtil.swift in Sources */ = {isa = PBXBuildFile; fileRef = 55001E222491B21A00DF0D0E /* BookUtil.swift */; };
		5500540F24B7EA5B0005AD6F /* SearchViewController.swift in Sources */ = {isa = PBXBuildFile; fileRef = 5500540E24B7EA5B0005AD6F /* SearchViewController.swift */; };
		5500541324B822170005AD6F /* setNickNameViewController.swift in Sources */ = {isa = PBXBuildFile; fileRef = 5500541224B822170005AD6F /* setNickNameViewController.swift */; };
		5500541524B8222E0005AD6F /* bindEmailViewController.swift in Sources */ = {isa = PBXBuildFile; fileRef = 5500541424B8222E0005AD6F /* bindEmailViewController.swift */; };
		5500541724B8223E0005AD6F /* bindPhoneViewController.swift in Sources */ = {isa = PBXBuildFile; fileRef = 5500541624B8223E0005AD6F /* bindPhoneViewController.swift */; };
		55020FE424D92A28000E2434 /* DICT.json in Resources */ = {isa = PBXBuildFile; fileRef = 55020FE324D92A27000E2434 /* DICT.json */; };
		5507D9072479935C0090DD37 /* Reachability.swift in Sources */ = {isa = PBXBuildFile; fileRef = 5507D9062479935C0090DD37 /* Reachability.swift */; };
		551265CB24AEE03F007C333E /* ReviewFinishViewController.swift in Sources */ = {isa = PBXBuildFile; fileRef = 551265CA24AEE03F007C333E /* ReviewFinishViewController.swift */; };
		5518B9B8247A2E7600BC8DA4 /* LearnFinishViewController.swift in Sources */ = {isa = PBXBuildFile; fileRef = 5518B9B7247A2E7600BC8DA4 /* LearnFinishViewController.swift */; };
		553ED5AF2495DB15000ECE6D /* ReviewWordViewController.swift in Sources */ = {isa = PBXBuildFile; fileRef = 553ED5AE2495DB15000ECE6D /* ReviewWordViewController.swift */; };
		55414C5524D66217004E4E7D /* Light_Black.plist in Resources */ = {isa = PBXBuildFile; fileRef = 55414C5424D66217004E4E7D /* Light_Black.plist */; };
		5547AE8824BA37400096B41E /* WordHistoryViewController.swift in Sources */ = {isa = PBXBuildFile; fileRef = 5547AE8724BA37400096B41E /* WordHistoryViewController.swift */; };
		5547AE8A24BA45540096B41E /* WordHistoryTableViewCell.swift in Sources */ = {isa = PBXBuildFile; fileRef = 5547AE8924BA45540096B41E /* WordHistoryTableViewCell.swift */; };
		5569E93F24AD187D006FBE62 /* UIApplication+Ext.swift in Sources */ = {isa = PBXBuildFile; fileRef = 5569E93E24AD187D006FBE62 /* UIApplication+Ext.swift */; };
		557B66F124CCF2700068AB05 /* Night.plist in Resources */ = {isa = PBXBuildFile; fileRef = 557B66F024CCF2700068AB05 /* Night.plist */; };
		557B66F324CCF44A0068AB05 /* Light_White.plist in Resources */ = {isa = PBXBuildFile; fileRef = 557B66F224CCF44A0068AB05 /* Light_White.plist */; };
		557B66F524CCF47B0068AB05 /* Light_Gray.plist in Resources */ = {isa = PBXBuildFile; fileRef = 557B66F424CCF47B0068AB05 /* Light_Gray.plist */; };
		557B66F724CCF7660068AB05 /* Dark.plist in Resources */ = {isa = PBXBuildFile; fileRef = 557B66F624CCF7660068AB05 /* Dark.plist */; };
		558F71EC249C713B0014956F /* NumWordPerGroupViewController.swift in Sources */ = {isa = PBXBuildFile; fileRef = 558F71EB249C713B0014956F /* NumWordPerGroupViewController.swift */; };
		55B63A2324D530D300B6B8B5 /* SearchWordTableViewCell.swift in Sources */ = {isa = PBXBuildFile; fileRef = 55B63A2224D530D300B6B8B5 /* SearchWordTableViewCell.swift */; };
		55BFC12824C366A0006DA60B /* ReminderTimePickerViewController.swift in Sources */ = {isa = PBXBuildFile; fileRef = 55BFC12724C366A0006DA60B /* ReminderTimePickerViewController.swift */; };
		55C5E20224B03A40005D2956 /* StatViewController.swift in Sources */ = {isa = PBXBuildFile; fileRef = 55C5E20124B03A40005D2956 /* StatViewController.swift */; };
		55C7819C24901AFA00C9F33E /* SettingViewController.swift in Sources */ = {isa = PBXBuildFile; fileRef = 55C7819B24901AFA00C9F33E /* SettingViewController.swift */; };
		55C7819E24902BAE00C9F33E /* SettingTableViewCell.swift in Sources */ = {isa = PBXBuildFile; fileRef = 55C7819D24902BAE00C9F33E /* SettingTableViewCell.swift */; };
		55C781A024902C4F00C9F33E /* SettingToggleTableViewCell.swift in Sources */ = {isa = PBXBuildFile; fileRef = 55C7819F24902C4F00C9F33E /* SettingToggleTableViewCell.swift */; };
		55C781A224902F1600C9F33E /* SettingItem.swift in Sources */ = {isa = PBXBuildFile; fileRef = 55C781A124902F1600C9F33E /* SettingItem.swift */; };
		55F2B5A0247B053500758113 /* Date+Ext.swift in Sources */ = {isa = PBXBuildFile; fileRef = 55F2B59F247B053500758113 /* Date+Ext.swift */; };
		55F2B5A2247B4A0F00758113 /* LearnFinishUIView.swift in Sources */ = {isa = PBXBuildFile; fileRef = 55F2B5A1247B4A0F00758113 /* LearnFinishUIView.swift */; };
		55F2B5A4247B4B3700758113 /* String+Ext.swift in Sources */ = {isa = PBXBuildFile; fileRef = 55F2B5A3247B4B3700758113 /* String+Ext.swift */; };
		A5134E322467719C008B116D /* Learning.storyboard in Resources */ = {isa = PBXBuildFile; fileRef = A5134E312467719C008B116D /* Learning.storyboard */; };
		A5134E34246772B4008B116D /* LearnWordViewController.swift in Sources */ = {isa = PBXBuildFile; fileRef = A5134E33246772B4008B116D /* LearnWordViewController.swift */; };
		A5134E3624677BF3008B116D /* LearnUIView.swift in Sources */ = {isa = PBXBuildFile; fileRef = A5134E3524677BF3008B116D /* LearnUIView.swift */; };
		A5134E3A24678C32008B116D /* Collection+Ext.swift in Sources */ = {isa = PBXBuildFile; fileRef = A5134E3924678C32008B116D /* Collection+Ext.swift */; };
		A523A717245542F100976574 /* ResetPwdUIView.swift in Sources */ = {isa = PBXBuildFile; fileRef = A523A716245542F100976574 /* ResetPwdUIView.swift */; };
		A523A7192455435C00976574 /* ResetPwdViewController.swift in Sources */ = {isa = PBXBuildFile; fileRef = A523A7182455435C00976574 /* ResetPwdViewController.swift */; };
		A52B84DA2471EE3700A002C6 /* LearningRecord.swift in Sources */ = {isa = PBXBuildFile; fileRef = A52B84D92471EE3600A002C6 /* LearningRecord.swift */; };
		A52B84DC2471EE4500A002C6 /* ReviewRecord.swift in Sources */ = {isa = PBXBuildFile; fileRef = A52B84DB2471EE4500A002C6 /* ReviewRecord.swift */; };
		A52B84DE2471F00D00A002C6 /* VocabularyRecord.swift in Sources */ = {isa = PBXBuildFile; fileRef = A52B84DD2471F00D00A002C6 /* VocabularyRecord.swift */; };
		A554B24724576F8A00DC8358 /* Yuanti-SC-Regular.ttf in Resources */ = {isa = PBXBuildFile; fileRef = A554B24624576F8A00DC8358 /* Yuanti-SC-Regular.ttf */; };
		A56375BC2457745500BA5293 /* HuaKangFangYuan.ttf in Resources */ = {isa = PBXBuildFile; fileRef = A56375BB2457745500BA5293 /* HuaKangFangYuan.ttf */; };
		A58E071224535E5E00C4D914 /* youyuan.ttf in Resources */ = {isa = PBXBuildFile; fileRef = A58E071124535E5E00C4D914 /* youyuan.ttf */; };
		A59A0B17245488EC000845F2 /* MainPanelUIView.swift in Sources */ = {isa = PBXBuildFile; fileRef = A59A0B16245488EC000845F2 /* MainPanelUIView.swift */; };
		A59A0B1A2454C04E000845F2 /* UIColor+Ext.swift in Sources */ = {isa = PBXBuildFile; fileRef = A59A0B192454C04E000845F2 /* UIColor+Ext.swift */; };
		A59A0B1C2454D48C000845F2 /* MainPanelViewController.swift in Sources */ = {isa = PBXBuildFile; fileRef = A59A0B1B2454D48C000845F2 /* MainPanelViewController.swift */; };
		A59EB1D32452A12900F300E1 /* AppDelegate.swift in Sources */ = {isa = PBXBuildFile; fileRef = A59EB1D22452A12900F300E1 /* AppDelegate.swift */; };
		A59EB1D52452A12900F300E1 /* SceneDelegate.swift in Sources */ = {isa = PBXBuildFile; fileRef = A59EB1D42452A12900F300E1 /* SceneDelegate.swift */; };
		A59EB1D72452A12900F300E1 /* MainScreenViewController.swift in Sources */ = {isa = PBXBuildFile; fileRef = A59EB1D62452A12900F300E1 /* MainScreenViewController.swift */; };
		A59EB1DA2452A12900F300E1 /* Main.storyboard in Resources */ = {isa = PBXBuildFile; fileRef = A59EB1D82452A12900F300E1 /* Main.storyboard */; };
		A59EB1DC2452A12A00F300E1 /* Assets.xcassets in Resources */ = {isa = PBXBuildFile; fileRef = A59EB1DB2452A12A00F300E1 /* Assets.xcassets */; };
		A59EB1DF2452A12A00F300E1 /* LaunchScreen.storyboard in Resources */ = {isa = PBXBuildFile; fileRef = A59EB1DD2452A12A00F300E1 /* LaunchScreen.storyboard */; };
		A5AE21FF24E4E6EF00473EA2 /* SetMemOptionView.swift in Sources */ = {isa = PBXBuildFile; fileRef = A5AE21FE24E4E6EF00473EA2 /* SetMemOptionView.swift */; };
		A5AE220124E4E9D500473EA2 /* SetMemOptionViewController.swift in Sources */ = {isa = PBXBuildFile; fileRef = A5AE220024E4E9D500473EA2 /* SetMemOptionViewController.swift */; };
		A5B82171245360F700963FEC /* PingFang SC Regular.ttf in Resources */ = {isa = PBXBuildFile; fileRef = A5B82170245360F700963FEC /* PingFang SC Regular.ttf */; };
		A5B821732453669B00963FEC /* CardUIView.swift in Sources */ = {isa = PBXBuildFile; fileRef = A5B821722453669B00963FEC /* CardUIView.swift */; };
		A5B82177245370CD00963FEC /* Songti SC Regular.ttf in Resources */ = {isa = PBXBuildFile; fileRef = A5B82176245370CD00963FEC /* Songti SC Regular.ttf */; };
		A5B821792453747C00963FEC /* MainScreenUIView.swift in Sources */ = {isa = PBXBuildFile; fileRef = A5B821782453747C00963FEC /* MainScreenUIView.swift */; };
		A5BE9C2D2462242500302F38 /* Book.swift in Sources */ = {isa = PBXBuildFile; fileRef = A5BE9C2C2462242500302F38 /* Book.swift */; };
		A5BE9C2F246229DC00302F38 /* BooksViewController.swift in Sources */ = {isa = PBXBuildFile; fileRef = A5BE9C2E246229DC00302F38 /* BooksViewController.swift */; };
		A5D8B2DF245FD1BC00786F7C /* UIViewExtensions.swift in Sources */ = {isa = PBXBuildFile; fileRef = A5D8B2DE245FD1BC00786F7C /* UIViewExtensions.swift */; };
		A5DD06DE2462343F0051B3E5 /* Level1CollectionViewCell.swift in Sources */ = {isa = PBXBuildFile; fileRef = A5DD06DD2462343F0051B3E5 /* Level1CollectionViewCell.swift */; };
		A5DD06E0246267A60051B3E5 /* BookItemTableViewCell.swift in Sources */ = {isa = PBXBuildFile; fileRef = A5DD06DF246267A60051B3E5 /* BookItemTableViewCell.swift */; };
		A5DD06E424626CAA0051B3E5 /* Level2CollectionViewCell.swift in Sources */ = {isa = PBXBuildFile; fileRef = A5DD06E324626CAA0051B3E5 /* Level2CollectionViewCell.swift */; };
		A5E6973A2473359F004CFA70 /* Array+Ext.swift in Sources */ = {isa = PBXBuildFile; fileRef = A5E697392473359F004CFA70 /* Array+Ext.swift */; };
		A5E6973E2473404A004CFA70 /* CardWord.swift in Sources */ = {isa = PBXBuildFile; fileRef = A5E6973D2473404A004CFA70 /* CardWord.swift */; };
		A5E764D1245D269300367C2A /* ShengciViewController.swift in Sources */ = {isa = PBXBuildFile; fileRef = A5E764D0245D269300367C2A /* ShengciViewController.swift */; };
		A5E764D2245DEB8600367C2A /* LoginReg.storyboard in Resources */ = {isa = PBXBuildFile; fileRef = A5A83E20245D1D1300075BB4 /* LoginReg.storyboard */; };
		A5E764D4245E0AD000367C2A /* UserProfileViewController.swift in Sources */ = {isa = PBXBuildFile; fileRef = A5E764D3245E0AD000367C2A /* UserProfileViewController.swift */; };
		A5F5154B245F56BF00F06610 /* ThemeCollectionViewCell.swift in Sources */ = {isa = PBXBuildFile; fileRef = A5F5154A245F56BF00F06610 /* ThemeCollectionViewCell.swift */; };
		A5F5154D245F56DF00F06610 /* ThemeCollectionViewController.swift in Sources */ = {isa = PBXBuildFile; fileRef = A5F5154C245F56DF00F06610 /* ThemeCollectionViewController.swift */; };
		A5F5154F245F578900F06610 /* Theme.swift in Sources */ = {isa = PBXBuildFile; fileRef = A5F5154E245F578900F06610 /* Theme.swift */; };
		A5F51551245F5E9300F06610 /* Wallpaper.swift in Sources */ = {isa = PBXBuildFile; fileRef = A5F51550245F5E9300F06610 /* Wallpaper.swift */; };
		A5F59F462453DC6900D6D717 /* PhoneLoginUIView.swift in Sources */ = {isa = PBXBuildFile; fileRef = A5F59F452453DC6900D6D717 /* PhoneLoginUIView.swift */; };
		A5F59F482453DD3A00D6D717 /* EmailLoginUIView.swift in Sources */ = {isa = PBXBuildFile; fileRef = A5F59F472453DD3A00D6D717 /* EmailLoginUIView.swift */; };
		A5F59F4A2453DDD000D6D717 /* EmailLoginViewController.swift in Sources */ = {isa = PBXBuildFile; fileRef = A5F59F492453DDD000D6D717 /* EmailLoginViewController.swift */; };
		A5F59F4C2453DDDB00D6D717 /* PhoneLoginViewController.swift in Sources */ = {isa = PBXBuildFile; fileRef = A5F59F4B2453DDDB00D6D717 /* PhoneLoginViewController.swift */; };
		BBA41A7442A9D5542E445471 /* Pods_shuaci.framework in Frameworks */ = {isa = PBXBuildFile; fileRef = 7904B907E4DC4D8D3DC6FC8C /* Pods_shuaci.framework */; };
/* End PBXBuildFile section */

/* Begin PBXFileReference section */
		4D669C4BDB3B8EFCB078D706 /* Pods-shuaci.release.xcconfig */ = {isa = PBXFileReference; includeInIndex = 1; lastKnownFileType = text.xcconfig; name = "Pods-shuaci.release.xcconfig"; path = "Target Support Files/Pods-shuaci/Pods-shuaci.release.xcconfig"; sourceTree = "<group>"; };
		55001E1A2491A6D400DF0D0E /* Preference.swift */ = {isa = PBXFileReference; lastKnownFileType = sourcecode.swift; path = Preference.swift; sourceTree = "<group>"; };
		55001E1C2491AF7300DF0D0E /* RecordUtil.swift */ = {isa = PBXFileReference; lastKnownFileType = sourcecode.swift; path = RecordUtil.swift; sourceTree = "<group>"; };
		55001E1E2491AFF600DF0D0E /* FunctionUtil.swift */ = {isa = PBXFileReference; lastKnownFileType = sourcecode.swift; path = FunctionUtil.swift; sourceTree = "<group>"; };
		55001E202491B1FC00DF0D0E /* ThemeUtil.swift */ = {isa = PBXFileReference; lastKnownFileType = sourcecode.swift; path = ThemeUtil.swift; sourceTree = "<group>"; };
		55001E222491B21A00DF0D0E /* BookUtil.swift */ = {isa = PBXFileReference; lastKnownFileType = sourcecode.swift; path = BookUtil.swift; sourceTree = "<group>"; };
		5500540E24B7EA5B0005AD6F /* SearchViewController.swift */ = {isa = PBXFileReference; lastKnownFileType = sourcecode.swift; path = SearchViewController.swift; sourceTree = "<group>"; };
		5500541224B822170005AD6F /* setNickNameViewController.swift */ = {isa = PBXFileReference; lastKnownFileType = sourcecode.swift; path = setNickNameViewController.swift; sourceTree = "<group>"; };
		5500541424B8222E0005AD6F /* bindEmailViewController.swift */ = {isa = PBXFileReference; lastKnownFileType = sourcecode.swift; path = bindEmailViewController.swift; sourceTree = "<group>"; };
		5500541624B8223E0005AD6F /* bindPhoneViewController.swift */ = {isa = PBXFileReference; lastKnownFileType = sourcecode.swift; path = bindPhoneViewController.swift; sourceTree = "<group>"; };
		55020FE324D92A27000E2434 /* DICT.json */ = {isa = PBXFileReference; fileEncoding = 4; lastKnownFileType = text.json; path = DICT.json; sourceTree = "<group>"; };
		5507D9062479935C0090DD37 /* Reachability.swift */ = {isa = PBXFileReference; lastKnownFileType = sourcecode.swift; path = Reachability.swift; sourceTree = "<group>"; };
		551265CA24AEE03F007C333E /* ReviewFinishViewController.swift */ = {isa = PBXFileReference; lastKnownFileType = sourcecode.swift; path = ReviewFinishViewController.swift; sourceTree = "<group>"; };
		5518B9B7247A2E7600BC8DA4 /* LearnFinishViewController.swift */ = {isa = PBXFileReference; lastKnownFileType = sourcecode.swift; path = LearnFinishViewController.swift; sourceTree = "<group>"; };
		553ED5AE2495DB15000ECE6D /* ReviewWordViewController.swift */ = {isa = PBXFileReference; lastKnownFileType = sourcecode.swift; path = ReviewWordViewController.swift; sourceTree = "<group>"; };
		55414C5424D66217004E4E7D /* Light_Black.plist */ = {isa = PBXFileReference; lastKnownFileType = text.plist.xml; path = Light_Black.plist; sourceTree = "<group>"; };
		5547AE8724BA37400096B41E /* WordHistoryViewController.swift */ = {isa = PBXFileReference; lastKnownFileType = sourcecode.swift; path = WordHistoryViewController.swift; sourceTree = "<group>"; };
		5547AE8924BA45540096B41E /* WordHistoryTableViewCell.swift */ = {isa = PBXFileReference; lastKnownFileType = sourcecode.swift; path = WordHistoryTableViewCell.swift; sourceTree = "<group>"; };
		5569E93E24AD187D006FBE62 /* UIApplication+Ext.swift */ = {isa = PBXFileReference; lastKnownFileType = sourcecode.swift; path = "UIApplication+Ext.swift"; sourceTree = "<group>"; };
		557B66F024CCF2700068AB05 /* Night.plist */ = {isa = PBXFileReference; lastKnownFileType = text.plist.xml; path = Night.plist; sourceTree = "<group>"; };
		557B66F224CCF44A0068AB05 /* Light_White.plist */ = {isa = PBXFileReference; fileEncoding = 4; lastKnownFileType = text.plist.xml; path = Light_White.plist; sourceTree = "<group>"; };
		557B66F424CCF47B0068AB05 /* Light_Gray.plist */ = {isa = PBXFileReference; fileEncoding = 4; lastKnownFileType = text.plist.xml; path = Light_Gray.plist; sourceTree = "<group>"; };
		557B66F624CCF7660068AB05 /* Dark.plist */ = {isa = PBXFileReference; lastKnownFileType = text.plist.xml; path = Dark.plist; sourceTree = "<group>"; };
		558F71EB249C713B0014956F /* NumWordPerGroupViewController.swift */ = {isa = PBXFileReference; lastKnownFileType = sourcecode.swift; path = NumWordPerGroupViewController.swift; sourceTree = "<group>"; };
		55B63A1B24D523AB00B6B8B5 /* libsqlite3.tbd */ = {isa = PBXFileReference; lastKnownFileType = "sourcecode.text-based-dylib-definition"; name = libsqlite3.tbd; path = usr/lib/libsqlite3.tbd; sourceTree = SDKROOT; };
		55B63A2224D530D300B6B8B5 /* SearchWordTableViewCell.swift */ = {isa = PBXFileReference; lastKnownFileType = sourcecode.swift; path = SearchWordTableViewCell.swift; sourceTree = "<group>"; };
		55BFC12724C366A0006DA60B /* ReminderTimePickerViewController.swift */ = {isa = PBXFileReference; lastKnownFileType = sourcecode.swift; path = ReminderTimePickerViewController.swift; sourceTree = "<group>"; };
		55C5E20124B03A40005D2956 /* StatViewController.swift */ = {isa = PBXFileReference; lastKnownFileType = sourcecode.swift; path = StatViewController.swift; sourceTree = "<group>"; };
		55C7819B24901AFA00C9F33E /* SettingViewController.swift */ = {isa = PBXFileReference; lastKnownFileType = sourcecode.swift; path = SettingViewController.swift; sourceTree = "<group>"; };
		55C7819D24902BAE00C9F33E /* SettingTableViewCell.swift */ = {isa = PBXFileReference; lastKnownFileType = sourcecode.swift; path = SettingTableViewCell.swift; sourceTree = "<group>"; };
		55C7819F24902C4F00C9F33E /* SettingToggleTableViewCell.swift */ = {isa = PBXFileReference; lastKnownFileType = sourcecode.swift; path = SettingToggleTableViewCell.swift; sourceTree = "<group>"; };
		55C781A124902F1600C9F33E /* SettingItem.swift */ = {isa = PBXFileReference; lastKnownFileType = sourcecode.swift; path = SettingItem.swift; sourceTree = "<group>"; };
		55F2B59F247B053500758113 /* Date+Ext.swift */ = {isa = PBXFileReference; lastKnownFileType = sourcecode.swift; path = "Date+Ext.swift"; sourceTree = "<group>"; };
		55F2B5A1247B4A0F00758113 /* LearnFinishUIView.swift */ = {isa = PBXFileReference; lastKnownFileType = sourcecode.swift; path = LearnFinishUIView.swift; sourceTree = "<group>"; };
		55F2B5A3247B4B3700758113 /* String+Ext.swift */ = {isa = PBXFileReference; lastKnownFileType = sourcecode.swift; path = "String+Ext.swift"; sourceTree = "<group>"; };
		7904B907E4DC4D8D3DC6FC8C /* Pods_shuaci.framework */ = {isa = PBXFileReference; explicitFileType = wrapper.framework; includeInIndex = 0; path = Pods_shuaci.framework; sourceTree = BUILT_PRODUCTS_DIR; };
		A175FCA5411DABB0C4A1A6DE /* Pods-shuaci.debug.xcconfig */ = {isa = PBXFileReference; includeInIndex = 1; lastKnownFileType = text.xcconfig; name = "Pods-shuaci.debug.xcconfig"; path = "Target Support Files/Pods-shuaci/Pods-shuaci.debug.xcconfig"; sourceTree = "<group>"; };
		A5134E312467719C008B116D /* Learning.storyboard */ = {isa = PBXFileReference; lastKnownFileType = file.storyboard; path = Learning.storyboard; sourceTree = "<group>"; };
		A5134E33246772B4008B116D /* LearnWordViewController.swift */ = {isa = PBXFileReference; lastKnownFileType = sourcecode.swift; path = LearnWordViewController.swift; sourceTree = "<group>"; };
		A5134E3524677BF3008B116D /* LearnUIView.swift */ = {isa = PBXFileReference; lastKnownFileType = sourcecode.swift; path = LearnUIView.swift; sourceTree = "<group>"; };
		A5134E3924678C32008B116D /* Collection+Ext.swift */ = {isa = PBXFileReference; lastKnownFileType = sourcecode.swift; path = "Collection+Ext.swift"; sourceTree = "<group>"; };
		A523A716245542F100976574 /* ResetPwdUIView.swift */ = {isa = PBXFileReference; lastKnownFileType = sourcecode.swift; path = ResetPwdUIView.swift; sourceTree = "<group>"; };
		A523A7182455435C00976574 /* ResetPwdViewController.swift */ = {isa = PBXFileReference; lastKnownFileType = sourcecode.swift; path = ResetPwdViewController.swift; sourceTree = "<group>"; };
		A52B84D92471EE3600A002C6 /* LearningRecord.swift */ = {isa = PBXFileReference; lastKnownFileType = sourcecode.swift; path = LearningRecord.swift; sourceTree = "<group>"; };
		A52B84DB2471EE4500A002C6 /* ReviewRecord.swift */ = {isa = PBXFileReference; lastKnownFileType = sourcecode.swift; path = ReviewRecord.swift; sourceTree = "<group>"; };
		A52B84DD2471F00D00A002C6 /* VocabularyRecord.swift */ = {isa = PBXFileReference; lastKnownFileType = sourcecode.swift; path = VocabularyRecord.swift; sourceTree = "<group>"; };
		A554B24624576F8A00DC8358 /* Yuanti-SC-Regular.ttf */ = {isa = PBXFileReference; lastKnownFileType = file; path = "Yuanti-SC-Regular.ttf"; sourceTree = "<group>"; };
		A56375BB2457745500BA5293 /* HuaKangFangYuan.ttf */ = {isa = PBXFileReference; lastKnownFileType = file; path = HuaKangFangYuan.ttf; sourceTree = "<group>"; };
		A58E071124535E5E00C4D914 /* youyuan.ttf */ = {isa = PBXFileReference; lastKnownFileType = file; path = youyuan.ttf; sourceTree = "<group>"; };
		A59A0B16245488EC000845F2 /* MainPanelUIView.swift */ = {isa = PBXFileReference; lastKnownFileType = sourcecode.swift; path = MainPanelUIView.swift; sourceTree = "<group>"; };
		A59A0B192454C04E000845F2 /* UIColor+Ext.swift */ = {isa = PBXFileReference; lastKnownFileType = sourcecode.swift; path = "UIColor+Ext.swift"; sourceTree = "<group>"; };
		A59A0B1B2454D48C000845F2 /* MainPanelViewController.swift */ = {isa = PBXFileReference; lastKnownFileType = sourcecode.swift; path = MainPanelViewController.swift; sourceTree = "<group>"; };
		A59EB1CF2452A12900F300E1 /* 刷词.app */ = {isa = PBXFileReference; explicitFileType = wrapper.application; includeInIndex = 0; path = "刷词.app"; sourceTree = BUILT_PRODUCTS_DIR; };
		A59EB1D22452A12900F300E1 /* AppDelegate.swift */ = {isa = PBXFileReference; lastKnownFileType = sourcecode.swift; path = AppDelegate.swift; sourceTree = "<group>"; };
		A59EB1D42452A12900F300E1 /* SceneDelegate.swift */ = {isa = PBXFileReference; lastKnownFileType = sourcecode.swift; path = SceneDelegate.swift; sourceTree = "<group>"; };
		A59EB1D62452A12900F300E1 /* MainScreenViewController.swift */ = {isa = PBXFileReference; lastKnownFileType = sourcecode.swift; path = MainScreenViewController.swift; sourceTree = "<group>"; };
		A59EB1D92452A12900F300E1 /* Base */ = {isa = PBXFileReference; lastKnownFileType = file.storyboard; name = Base; path = Base.lproj/Main.storyboard; sourceTree = "<group>"; };
		A59EB1DB2452A12A00F300E1 /* Assets.xcassets */ = {isa = PBXFileReference; lastKnownFileType = folder.assetcatalog; path = Assets.xcassets; sourceTree = "<group>"; };
		A59EB1DE2452A12A00F300E1 /* Base */ = {isa = PBXFileReference; lastKnownFileType = file.storyboard; name = Base; path = Base.lproj/LaunchScreen.storyboard; sourceTree = "<group>"; };
		A59EB1E02452A12A00F300E1 /* Info.plist */ = {isa = PBXFileReference; lastKnownFileType = text.plist.xml; path = Info.plist; sourceTree = "<group>"; };
		A5A83E20245D1D1300075BB4 /* LoginReg.storyboard */ = {isa = PBXFileReference; lastKnownFileType = file.storyboard; name = LoginReg.storyboard; path = shuaci/LoginReg.storyboard; sourceTree = SOURCE_ROOT; };
		A5AE21FE24E4E6EF00473EA2 /* SetMemOptionView.swift */ = {isa = PBXFileReference; lastKnownFileType = sourcecode.swift; path = SetMemOptionView.swift; sourceTree = "<group>"; };
		A5AE220024E4E9D500473EA2 /* SetMemOptionViewController.swift */ = {isa = PBXFileReference; lastKnownFileType = sourcecode.swift; path = SetMemOptionViewController.swift; sourceTree = "<group>"; };
		A5B82170245360F700963FEC /* PingFang SC Regular.ttf */ = {isa = PBXFileReference; lastKnownFileType = file; path = "PingFang SC Regular.ttf"; sourceTree = "<group>"; };
		A5B821722453669B00963FEC /* CardUIView.swift */ = {isa = PBXFileReference; lastKnownFileType = sourcecode.swift; path = CardUIView.swift; sourceTree = "<group>"; };
		A5B82174245366F600963FEC /* Geneva Regular.ttf */ = {isa = PBXFileReference; lastKnownFileType = file; path = "Geneva Regular.ttf"; sourceTree = "<group>"; };
		A5B82176245370CD00963FEC /* Songti SC Regular.ttf */ = {isa = PBXFileReference; lastKnownFileType = file; path = "Songti SC Regular.ttf"; sourceTree = "<group>"; };
		A5B821782453747C00963FEC /* MainScreenUIView.swift */ = {isa = PBXFileReference; lastKnownFileType = sourcecode.swift; path = MainScreenUIView.swift; sourceTree = "<group>"; };
		A5BE9C2C2462242500302F38 /* Book.swift */ = {isa = PBXFileReference; lastKnownFileType = sourcecode.swift; path = Book.swift; sourceTree = "<group>"; };
		A5BE9C2E246229DC00302F38 /* BooksViewController.swift */ = {isa = PBXFileReference; lastKnownFileType = sourcecode.swift; path = BooksViewController.swift; sourceTree = "<group>"; };
		A5D8B2DE245FD1BC00786F7C /* UIViewExtensions.swift */ = {isa = PBXFileReference; lastKnownFileType = sourcecode.swift; path = UIViewExtensions.swift; sourceTree = "<group>"; };
		A5DD06DD2462343F0051B3E5 /* Level1CollectionViewCell.swift */ = {isa = PBXFileReference; lastKnownFileType = sourcecode.swift; path = Level1CollectionViewCell.swift; sourceTree = "<group>"; };
		A5DD06DF246267A60051B3E5 /* BookItemTableViewCell.swift */ = {isa = PBXFileReference; lastKnownFileType = sourcecode.swift; path = BookItemTableViewCell.swift; sourceTree = "<group>"; };
		A5DD06E324626CAA0051B3E5 /* Level2CollectionViewCell.swift */ = {isa = PBXFileReference; lastKnownFileType = sourcecode.swift; path = Level2CollectionViewCell.swift; sourceTree = "<group>"; };
		A5E697392473359F004CFA70 /* Array+Ext.swift */ = {isa = PBXFileReference; lastKnownFileType = sourcecode.swift; path = "Array+Ext.swift"; sourceTree = "<group>"; };
		A5E6973D2473404A004CFA70 /* CardWord.swift */ = {isa = PBXFileReference; lastKnownFileType = sourcecode.swift; path = CardWord.swift; sourceTree = "<group>"; };
		A5E764D0245D269300367C2A /* ShengciViewController.swift */ = {isa = PBXFileReference; lastKnownFileType = sourcecode.swift; path = ShengciViewController.swift; sourceTree = "<group>"; };
		A5E764D3245E0AD000367C2A /* UserProfileViewController.swift */ = {isa = PBXFileReference; lastKnownFileType = sourcecode.swift; path = UserProfileViewController.swift; sourceTree = "<group>"; };
		A5F5154A245F56BF00F06610 /* ThemeCollectionViewCell.swift */ = {isa = PBXFileReference; lastKnownFileType = sourcecode.swift; path = ThemeCollectionViewCell.swift; sourceTree = "<group>"; };
		A5F5154C245F56DF00F06610 /* ThemeCollectionViewController.swift */ = {isa = PBXFileReference; lastKnownFileType = sourcecode.swift; path = ThemeCollectionViewController.swift; sourceTree = "<group>"; };
		A5F5154E245F578900F06610 /* Theme.swift */ = {isa = PBXFileReference; lastKnownFileType = sourcecode.swift; path = Theme.swift; sourceTree = "<group>"; };
		A5F51550245F5E9300F06610 /* Wallpaper.swift */ = {isa = PBXFileReference; lastKnownFileType = sourcecode.swift; path = Wallpaper.swift; sourceTree = "<group>"; };
		A5F59F452453DC6900D6D717 /* PhoneLoginUIView.swift */ = {isa = PBXFileReference; lastKnownFileType = sourcecode.swift; path = PhoneLoginUIView.swift; sourceTree = "<group>"; };
		A5F59F472453DD3A00D6D717 /* EmailLoginUIView.swift */ = {isa = PBXFileReference; lastKnownFileType = sourcecode.swift; path = EmailLoginUIView.swift; sourceTree = "<group>"; };
		A5F59F492453DDD000D6D717 /* EmailLoginViewController.swift */ = {isa = PBXFileReference; lastKnownFileType = sourcecode.swift; path = EmailLoginViewController.swift; sourceTree = "<group>"; };
		A5F59F4B2453DDDB00D6D717 /* PhoneLoginViewController.swift */ = {isa = PBXFileReference; lastKnownFileType = sourcecode.swift; path = PhoneLoginViewController.swift; sourceTree = "<group>"; };
/* End PBXFileReference section */

/* Begin PBXFrameworksBuildPhase section */
		A59EB1CC2452A12900F300E1 /* Frameworks */ = {
			isa = PBXFrameworksBuildPhase;
			buildActionMask = 2147483647;
			files = (
				BBA41A7442A9D5542E445471 /* Pods_shuaci.framework in Frameworks */,
			);
			runOnlyForDeploymentPostprocessing = 0;
		};
/* End PBXFrameworksBuildPhase section */

/* Begin PBXGroup section */
		55414C4F24D62957004E4E7D /* DATA */ = {
			isa = PBXGroup;
			children = (
				55020FE324D92A27000E2434 /* DICT.json */,
			);
			path = DATA;
			sourceTree = "<group>";
		};
		557B66EB24CCF2350068AB05 /* Plist */ = {
			isa = PBXGroup;
			children = (
				55414C5424D66217004E4E7D /* Light_Black.plist */,
				557B66F424CCF47B0068AB05 /* Light_Gray.plist */,
				557B66F224CCF44A0068AB05 /* Light_White.plist */,
				557B66F024CCF2700068AB05 /* Night.plist */,
				557B66F624CCF7660068AB05 /* Dark.plist */,
			);
			path = Plist;
			sourceTree = "<group>";
		};
		63288F2924A6CD515AC3EF15 /* Frameworks */ = {
			isa = PBXGroup;
			children = (
				55B63A1B24D523AB00B6B8B5 /* libsqlite3.tbd */,
				7904B907E4DC4D8D3DC6FC8C /* Pods_shuaci.framework */,
			);
			name = Frameworks;
			sourceTree = "<group>";
		};
		6DC5BECC39548C616A0EDCC1 /* Pods */ = {
			isa = PBXGroup;
			children = (
				A175FCA5411DABB0C4A1A6DE /* Pods-shuaci.debug.xcconfig */,
				4D669C4BDB3B8EFCB078D706 /* Pods-shuaci.release.xcconfig */,
			);
			path = Pods;
			sourceTree = "<group>";
		};
		A57229BE24568C03001C121C /* Model */ = {
			isa = PBXGroup;
			children = (
				A5F5154E245F578900F06610 /* Theme.swift */,
				A5F51550245F5E9300F06610 /* Wallpaper.swift */,
				A5BE9C2C2462242500302F38 /* Book.swift */,
				A52B84D92471EE3600A002C6 /* LearningRecord.swift */,
				A52B84DB2471EE4500A002C6 /* ReviewRecord.swift */,
				A52B84DD2471F00D00A002C6 /* VocabularyRecord.swift */,
				A5E6973D2473404A004CFA70 /* CardWord.swift */,
				55C781A124902F1600C9F33E /* SettingItem.swift */,
			);
			path = Model;
			sourceTree = "<group>";
		};
		A574D661245E43030002A07C /* Util */ = {
			isa = PBXGroup;
			children = (
				5507D9062479935C0090DD37 /* Reachability.swift */,
				55001E1A2491A6D400DF0D0E /* Preference.swift */,
				55001E1C2491AF7300DF0D0E /* RecordUtil.swift */,
				55001E1E2491AFF600DF0D0E /* FunctionUtil.swift */,
				55001E202491B1FC00DF0D0E /* ThemeUtil.swift */,
				55001E222491B21A00DF0D0E /* BookUtil.swift */,
			);
			path = Util;
			sourceTree = "<group>";
		};
		A58E070F24535E4600C4D914 /* Resources */ = {
			isa = PBXGroup;
			children = (
				A58E071024535E4E00C4D914 /* Fonts */,
			);
			path = Resources;
			sourceTree = "<group>";
		};
		A58E071024535E4E00C4D914 /* Fonts */ = {
			isa = PBXGroup;
			children = (
				A56375BB2457745500BA5293 /* HuaKangFangYuan.ttf */,
				A554B24624576F8A00DC8358 /* Yuanti-SC-Regular.ttf */,
				A5B82174245366F600963FEC /* Geneva Regular.ttf */,
				A5B82176245370CD00963FEC /* Songti SC Regular.ttf */,
				A5B82170245360F700963FEC /* PingFang SC Regular.ttf */,
				A58E071124535E5E00C4D914 /* youyuan.ttf */,
			);
			path = Fonts;
			sourceTree = "<group>";
		};
		A59A0B182454C02E000845F2 /* Extensions */ = {
			isa = PBXGroup;
			children = (
				A59A0B192454C04E000845F2 /* UIColor+Ext.swift */,
				A5D8B2DE245FD1BC00786F7C /* UIViewExtensions.swift */,
				A5134E3924678C32008B116D /* Collection+Ext.swift */,
				A5E697392473359F004CFA70 /* Array+Ext.swift */,
				55F2B59F247B053500758113 /* Date+Ext.swift */,
				55F2B5A3247B4B3700758113 /* String+Ext.swift */,
				5569E93E24AD187D006FBE62 /* UIApplication+Ext.swift */,
			);
			path = Extensions;
			sourceTree = "<group>";
		};
		A59EB1C62452A12900F300E1 = {
			isa = PBXGroup;
			children = (
				A59EB1D12452A12900F300E1 /* shuaci */,
				A59EB1D02452A12900F300E1 /* Products */,
				6DC5BECC39548C616A0EDCC1 /* Pods */,
				63288F2924A6CD515AC3EF15 /* Frameworks */,
			);
			sourceTree = "<group>";
		};
		A59EB1D02452A12900F300E1 /* Products */ = {
			isa = PBXGroup;
			children = (
				A59EB1CF2452A12900F300E1 /* 刷词.app */,
			);
			name = Products;
			sourceTree = "<group>";
		};
		A59EB1D12452A12900F300E1 /* shuaci */ = {
			isa = PBXGroup;
			children = (
				55414C4F24D62957004E4E7D /* DATA */,
				557B66EB24CCF2350068AB05 /* Plist */,
				A574D661245E43030002A07C /* Util */,
				A5A83E21245D1D1D00075BB4 /* StoryBoard */,
				A57229BE24568C03001C121C /* Model */,
				A59A0B182454C02E000845F2 /* Extensions */,
				A5F59F442453DC0800D6D717 /* Controllers */,
				A5B821752453698D00963FEC /* Views */,
				A58E070F24535E4600C4D914 /* Resources */,
				A59EB1D22452A12900F300E1 /* AppDelegate.swift */,
				A59EB1D42452A12900F300E1 /* SceneDelegate.swift */,
				A59EB1DB2452A12A00F300E1 /* Assets.xcassets */,
				A59EB1DD2452A12A00F300E1 /* LaunchScreen.storyboard */,
				A59EB1E02452A12A00F300E1 /* Info.plist */,
			);
			path = shuaci;
			sourceTree = "<group>";
		};
		A5A83E21245D1D1D00075BB4 /* StoryBoard */ = {
			isa = PBXGroup;
			children = (
				A59EB1D82452A12900F300E1 /* Main.storyboard */,
				A5A83E20245D1D1300075BB4 /* LoginReg.storyboard */,
				A5134E312467719C008B116D /* Learning.storyboard */,
			);
			path = StoryBoard;
			sourceTree = "<group>";
		};
		A5B821752453698D00963FEC /* Views */ = {
			isa = PBXGroup;
			children = (
				5547AE8924BA45540096B41E /* WordHistoryTableViewCell.swift */,
				A5B821722453669B00963FEC /* CardUIView.swift */,
				A5B821782453747C00963FEC /* MainScreenUIView.swift */,
				A5F59F452453DC6900D6D717 /* PhoneLoginUIView.swift */,
				A5F59F472453DD3A00D6D717 /* EmailLoginUIView.swift */,
				A59A0B16245488EC000845F2 /* MainPanelUIView.swift */,
				A523A716245542F100976574 /* ResetPwdUIView.swift */,
				A5F5154A245F56BF00F06610 /* ThemeCollectionViewCell.swift */,
				A5DD06DD2462343F0051B3E5 /* Level1CollectionViewCell.swift */,
				A5DD06DF246267A60051B3E5 /* BookItemTableViewCell.swift */,
				A5DD06E324626CAA0051B3E5 /* Level2CollectionViewCell.swift */,
				A5134E3524677BF3008B116D /* LearnUIView.swift */,
				55F2B5A1247B4A0F00758113 /* LearnFinishUIView.swift */,
				55C7819D24902BAE00C9F33E /* SettingTableViewCell.swift */,
				55C7819F24902C4F00C9F33E /* SettingToggleTableViewCell.swift */,
				55B63A2224D530D300B6B8B5 /* SearchWordTableViewCell.swift */,
				A5AE21FE24E4E6EF00473EA2 /* SetMemOptionView.swift */,
			);
			path = Views;
			sourceTree = "<group>";
		};
		A5F59F442453DC0800D6D717 /* Controllers */ = {
			isa = PBXGroup;
			children = (
				A59EB1D62452A12900F300E1 /* MainScreenViewController.swift */,
				A5F59F492453DDD000D6D717 /* EmailLoginViewController.swift */,
				A59A0B1B2454D48C000845F2 /* MainPanelViewController.swift */,
				A5F59F4B2453DDDB00D6D717 /* PhoneLoginViewController.swift */,
				A523A7182455435C00976574 /* ResetPwdViewController.swift */,
				A5E764D0245D269300367C2A /* ShengciViewController.swift */,
				A5E764D3245E0AD000367C2A /* UserProfileViewController.swift */,
				A5F5154C245F56DF00F06610 /* ThemeCollectionViewController.swift */,
				A5BE9C2E246229DC00302F38 /* BooksViewController.swift */,
				A5134E33246772B4008B116D /* LearnWordViewController.swift */,
				5518B9B7247A2E7600BC8DA4 /* LearnFinishViewController.swift */,
				55C7819B24901AFA00C9F33E /* SettingViewController.swift */,
				553ED5AE2495DB15000ECE6D /* ReviewWordViewController.swift */,
				558F71EB249C713B0014956F /* NumWordPerGroupViewController.swift */,
				551265CA24AEE03F007C333E /* ReviewFinishViewController.swift */,
				55C5E20124B03A40005D2956 /* StatViewController.swift */,
				5500540E24B7EA5B0005AD6F /* SearchViewController.swift */,
				5500541224B822170005AD6F /* setNickNameViewController.swift */,
				5500541424B8222E0005AD6F /* bindEmailViewController.swift */,
				5500541624B8223E0005AD6F /* bindPhoneViewController.swift */,
				5547AE8724BA37400096B41E /* WordHistoryViewController.swift */,
				55BFC12724C366A0006DA60B /* ReminderTimePickerViewController.swift */,
				A5AE220024E4E9D500473EA2 /* SetMemOptionViewController.swift */,
			);
			path = Controllers;
			sourceTree = "<group>";
		};
/* End PBXGroup section */

/* Begin PBXNativeTarget section */
		A59EB1CE2452A12900F300E1 /* shuaci */ = {
			isa = PBXNativeTarget;
			buildConfigurationList = A59EB1E32452A12A00F300E1 /* Build configuration list for PBXNativeTarget "shuaci" */;
			buildPhases = (
				72E9DF034DB89BB0BF174C59 /* [CP] Check Pods Manifest.lock */,
				A59EB1CB2452A12900F300E1 /* Sources */,
				A59EB1CC2452A12900F300E1 /* Frameworks */,
				A59EB1CD2452A12900F300E1 /* Resources */,
				6290192100B04080AF2DFD38 /* [CP] Embed Pods Frameworks */,
			);
			buildRules = (
			);
			dependencies = (
			);
			name = shuaci;
			productName = shuaci;
			productReference = A59EB1CF2452A12900F300E1 /* 刷词.app */;
			productType = "com.apple.product-type.application";
		};
/* End PBXNativeTarget section */

/* Begin PBXProject section */
		A59EB1C72452A12900F300E1 /* Project object */ = {
			isa = PBXProject;
			attributes = {
				LastSwiftUpdateCheck = 1130;
				LastUpgradeCheck = 1130;
				ORGANIZATIONNAME = "Honglei Ren";
				TargetAttributes = {
					A59EB1CE2452A12900F300E1 = {
						CreatedOnToolsVersion = 11.3.1;
					};
				};
			};
			buildConfigurationList = A59EB1CA2452A12900F300E1 /* Build configuration list for PBXProject "shuaci" */;
			compatibilityVersion = "Xcode 9.3";
			developmentRegion = en;
			hasScannedForEncodings = 0;
			knownRegions = (
				en,
				Base,
			);
			mainGroup = A59EB1C62452A12900F300E1;
			productRefGroup = A59EB1D02452A12900F300E1 /* Products */;
			projectDirPath = "";
			projectRoot = "";
			targets = (
				A59EB1CE2452A12900F300E1 /* shuaci */,
			);
		};
/* End PBXProject section */

/* Begin PBXResourcesBuildPhase section */
		A59EB1CD2452A12900F300E1 /* Resources */ = {
			isa = PBXResourcesBuildPhase;
			buildActionMask = 2147483647;
			files = (
				557B66F724CCF7660068AB05 /* Dark.plist in Resources */,
				A59EB1DF2452A12A00F300E1 /* LaunchScreen.storyboard in Resources */,
				A5134E322467719C008B116D /* Learning.storyboard in Resources */,
				A56375BC2457745500BA5293 /* HuaKangFangYuan.ttf in Resources */,
				A5E764D2245DEB8600367C2A /* LoginReg.storyboard in Resources */,
				55020FE424D92A28000E2434 /* DICT.json in Resources */,
				557B66F524CCF47B0068AB05 /* Light_Gray.plist in Resources */,
				A58E071224535E5E00C4D914 /* youyuan.ttf in Resources */,
				557B66F124CCF2700068AB05 /* Night.plist in Resources */,
				A59EB1DC2452A12A00F300E1 /* Assets.xcassets in Resources */,
				A59EB1DA2452A12900F300E1 /* Main.storyboard in Resources */,
				A554B24724576F8A00DC8358 /* Yuanti-SC-Regular.ttf in Resources */,
				557B66F324CCF44A0068AB05 /* Light_White.plist in Resources */,
				A5B82171245360F700963FEC /* PingFang SC Regular.ttf in Resources */,
				A5B82177245370CD00963FEC /* Songti SC Regular.ttf in Resources */,
				55414C5524D66217004E4E7D /* Light_Black.plist in Resources */,
			);
			runOnlyForDeploymentPostprocessing = 0;
		};
/* End PBXResourcesBuildPhase section */

/* Begin PBXShellScriptBuildPhase section */
		6290192100B04080AF2DFD38 /* [CP] Embed Pods Frameworks */ = {
			isa = PBXShellScriptBuildPhase;
			buildActionMask = 2147483647;
			files = (
			);
			inputFileListPaths = (
				"${PODS_ROOT}/Target Support Files/Pods-shuaci/Pods-shuaci-frameworks-${CONFIGURATION}-input-files.xcfilelist",
			);
			name = "[CP] Embed Pods Frameworks";
			outputFileListPaths = (
				"${PODS_ROOT}/Target Support Files/Pods-shuaci/Pods-shuaci-frameworks-${CONFIGURATION}-output-files.xcfilelist",
			);
			runOnlyForDeploymentPostprocessing = 0;
			shellPath = /bin/sh;
			shellScript = "\"${PODS_ROOT}/Target Support Files/Pods-shuaci/Pods-shuaci-frameworks.sh\"\n";
			showEnvVarsInLog = 0;
		};
		72E9DF034DB89BB0BF174C59 /* [CP] Check Pods Manifest.lock */ = {
			isa = PBXShellScriptBuildPhase;
			buildActionMask = 2147483647;
			files = (
			);
			inputFileListPaths = (
			);
			inputPaths = (
				"${PODS_PODFILE_DIR_PATH}/Podfile.lock",
				"${PODS_ROOT}/Manifest.lock",
			);
			name = "[CP] Check Pods Manifest.lock";
			outputFileListPaths = (
			);
			outputPaths = (
				"$(DERIVED_FILE_DIR)/Pods-shuaci-checkManifestLockResult.txt",
			);
			runOnlyForDeploymentPostprocessing = 0;
			shellPath = /bin/sh;
			shellScript = "diff \"${PODS_PODFILE_DIR_PATH}/Podfile.lock\" \"${PODS_ROOT}/Manifest.lock\" > /dev/null\nif [ $? != 0 ] ; then\n    # print error to STDERR\n    echo \"error: The sandbox is not in sync with the Podfile.lock. Run 'pod install' or update your CocoaPods installation.\" >&2\n    exit 1\nfi\n# This output is used by Xcode 'outputs' to avoid re-running this script phase.\necho \"SUCCESS\" > \"${SCRIPT_OUTPUT_FILE_0}\"\n";
			showEnvVarsInLog = 0;
		};
/* End PBXShellScriptBuildPhase section */

/* Begin PBXSourcesBuildPhase section */
		A59EB1CB2452A12900F300E1 /* Sources */ = {
			isa = PBXSourcesBuildPhase;
			buildActionMask = 2147483647;
			files = (
				A59A0B17245488EC000845F2 /* MainPanelUIView.swift in Sources */,
				55001E232491B21A00DF0D0E /* BookUtil.swift in Sources */,
				5507D9072479935C0090DD37 /* Reachability.swift in Sources */,
				55C781A024902C4F00C9F33E /* SettingToggleTableViewCell.swift in Sources */,
				A5F59F482453DD3A00D6D717 /* EmailLoginUIView.swift in Sources */,
				5518B9B8247A2E7600BC8DA4 /* LearnFinishViewController.swift in Sources */,
				A5134E3624677BF3008B116D /* LearnUIView.swift in Sources */,
				A5DD06DE2462343F0051B3E5 /* Level1CollectionViewCell.swift in Sources */,
				A5D8B2DF245FD1BC00786F7C /* UIViewExtensions.swift in Sources */,
				5547AE8A24BA45540096B41E /* WordHistoryTableViewCell.swift in Sources */,
				A5F59F4A2453DDD000D6D717 /* EmailLoginViewController.swift in Sources */,
				A5B821792453747C00963FEC /* MainScreenUIView.swift in Sources */,
				A5AE220124E4E9D500473EA2 /* SetMemOptionViewController.swift in Sources */,
				A5AE21FF24E4E6EF00473EA2 /* SetMemOptionView.swift in Sources */,
				5547AE8824BA37400096B41E /* WordHistoryViewController.swift in Sources */,
				A5F51551245F5E9300F06610 /* Wallpaper.swift in Sources */,
				55B63A2324D530D300B6B8B5 /* SearchWordTableViewCell.swift in Sources */,
				A5BE9C2D2462242500302F38 /* Book.swift in Sources */,
				55C781A224902F1600C9F33E /* SettingItem.swift in Sources */,
				A5F5154F245F578900F06610 /* Theme.swift in Sources */,
				A5BE9C2F246229DC00302F38 /* BooksViewController.swift in Sources */,
				A523A7192455435C00976574 /* ResetPwdViewController.swift in Sources */,
				A52B84DE2471F00D00A002C6 /* VocabularyRecord.swift in Sources */,
				A5DD06E424626CAA0051B3E5 /* Level2CollectionViewCell.swift in Sources */,
				A523A717245542F100976574 /* ResetPwdUIView.swift in Sources */,
				551265CB24AEE03F007C333E /* ReviewFinishViewController.swift in Sources */,
				55F2B5A0247B053500758113 /* Date+Ext.swift in Sources */,
				A5E764D4245E0AD000367C2A /* UserProfileViewController.swift in Sources */,
				A59EB1D72452A12900F300E1 /* MainScreenViewController.swift in Sources */,
				A59EB1D32452A12900F300E1 /* AppDelegate.swift in Sources */,
				5500541524B8222E0005AD6F /* bindEmailViewController.swift in Sources */,
				A59A0B1A2454C04E000845F2 /* UIColor+Ext.swift in Sources */,
				55001E1B2491A6D400DF0D0E /* Preference.swift in Sources */,
				A5DD06E0246267A60051B3E5 /* BookItemTableViewCell.swift in Sources */,
				55F2B5A4247B4B3700758113 /* String+Ext.swift in Sources */,
				55C5E20224B03A40005D2956 /* StatViewController.swift in Sources */,
				A5F5154B245F56BF00F06610 /* ThemeCollectionViewCell.swift in Sources */,
				55BFC12824C366A0006DA60B /* ReminderTimePickerViewController.swift in Sources */,
				A5F59F462453DC6900D6D717 /* PhoneLoginUIView.swift in Sources */,
				A5F59F4C2453DDDB00D6D717 /* PhoneLoginViewController.swift in Sources */,
				A5134E34246772B4008B116D /* LearnWordViewController.swift in Sources */,
				5500541324B822170005AD6F /* setNickNameViewController.swift in Sources */,
				5569E93F24AD187D006FBE62 /* UIApplication+Ext.swift in Sources */,
				55001E1D2491AF7300DF0D0E /* RecordUtil.swift in Sources */,
				A59A0B1C2454D48C000845F2 /* MainPanelViewController.swift in Sources */,
				55C7819E24902BAE00C9F33E /* SettingTableViewCell.swift in Sources */,
				558F71EC249C713B0014956F /* NumWordPerGroupViewController.swift in Sources */,
				A5134E3A24678C32008B116D /* Collection+Ext.swift in Sources */,
				553ED5AF2495DB15000ECE6D /* ReviewWordViewController.swift in Sources */,
				5500540F24B7EA5B0005AD6F /* SearchViewController.swift in Sources */,
				A5F5154D245F56DF00F06610 /* ThemeCollectionViewController.swift in Sources */,
				A52B84DC2471EE4500A002C6 /* ReviewRecord.swift in Sources */,
				A5B821732453669B00963FEC /* CardUIView.swift in Sources */,
				A5E764D1245D269300367C2A /* ShengciViewController.swift in Sources */,
				55001E1F2491AFF600DF0D0E /* FunctionUtil.swift in Sources */,
				A5E6973A2473359F004CFA70 /* Array+Ext.swift in Sources */,
				A52B84DA2471EE3700A002C6 /* LearningRecord.swift in Sources */,
				55001E212491B1FC00DF0D0E /* ThemeUtil.swift in Sources */,
				A59EB1D52452A12900F300E1 /* SceneDelegate.swift in Sources */,
				55C7819C24901AFA00C9F33E /* SettingViewController.swift in Sources */,
				55F2B5A2247B4A0F00758113 /* LearnFinishUIView.swift in Sources */,
				5500541724B8223E0005AD6F /* bindPhoneViewController.swift in Sources */,
				A5E6973E2473404A004CFA70 /* CardWord.swift in Sources */,
			);
			runOnlyForDeploymentPostprocessing = 0;
		};
/* End PBXSourcesBuildPhase section */

/* Begin PBXVariantGroup section */
		A59EB1D82452A12900F300E1 /* Main.storyboard */ = {
			isa = PBXVariantGroup;
			children = (
				A59EB1D92452A12900F300E1 /* Base */,
			);
			name = Main.storyboard;
			sourceTree = "<group>";
		};
		A59EB1DD2452A12A00F300E1 /* LaunchScreen.storyboard */ = {
			isa = PBXVariantGroup;
			children = (
				A59EB1DE2452A12A00F300E1 /* Base */,
			);
			name = LaunchScreen.storyboard;
			sourceTree = "<group>";
		};
/* End PBXVariantGroup section */

/* Begin XCBuildConfiguration section */
		A59EB1E12452A12A00F300E1 /* Debug */ = {
			isa = XCBuildConfiguration;
			buildSettings = {
				ALWAYS_SEARCH_USER_PATHS = NO;
				CLANG_ANALYZER_NONNULL = YES;
				CLANG_ANALYZER_NUMBER_OBJECT_CONVERSION = YES_AGGRESSIVE;
				CLANG_CXX_LANGUAGE_STANDARD = "gnu++14";
				CLANG_CXX_LIBRARY = "libc++";
				CLANG_ENABLE_MODULES = YES;
				CLANG_ENABLE_OBJC_ARC = YES;
				CLANG_ENABLE_OBJC_WEAK = YES;
				CLANG_WARN_BLOCK_CAPTURE_AUTORELEASING = YES;
				CLANG_WARN_BOOL_CONVERSION = YES;
				CLANG_WARN_COMMA = YES;
				CLANG_WARN_CONSTANT_CONVERSION = YES;
				CLANG_WARN_DEPRECATED_OBJC_IMPLEMENTATIONS = YES;
				CLANG_WARN_DIRECT_OBJC_ISA_USAGE = YES_ERROR;
				CLANG_WARN_DOCUMENTATION_COMMENTS = YES;
				CLANG_WARN_EMPTY_BODY = YES;
				CLANG_WARN_ENUM_CONVERSION = YES;
				CLANG_WARN_INFINITE_RECURSION = YES;
				CLANG_WARN_INT_CONVERSION = YES;
				CLANG_WARN_NON_LITERAL_NULL_CONVERSION = YES;
				CLANG_WARN_OBJC_IMPLICIT_RETAIN_SELF = YES;
				CLANG_WARN_OBJC_LITERAL_CONVERSION = YES;
				CLANG_WARN_OBJC_ROOT_CLASS = YES_ERROR;
				CLANG_WARN_RANGE_LOOP_ANALYSIS = YES;
				CLANG_WARN_STRICT_PROTOTYPES = YES;
				CLANG_WARN_SUSPICIOUS_MOVE = YES;
				CLANG_WARN_UNGUARDED_AVAILABILITY = YES_AGGRESSIVE;
				CLANG_WARN_UNREACHABLE_CODE = YES;
				CLANG_WARN__DUPLICATE_METHOD_MATCH = YES;
				COPY_PHASE_STRIP = NO;
				DEBUG_INFORMATION_FORMAT = dwarf;
				ENABLE_STRICT_OBJC_MSGSEND = YES;
				ENABLE_TESTABILITY = YES;
				GCC_C_LANGUAGE_STANDARD = gnu11;
				GCC_DYNAMIC_NO_PIC = NO;
				GCC_NO_COMMON_BLOCKS = YES;
				GCC_OPTIMIZATION_LEVEL = 0;
				GCC_PREPROCESSOR_DEFINITIONS = (
					"DEBUG=1",
					"$(inherited)",
				);
				GCC_WARN_64_TO_32_BIT_CONVERSION = YES;
				GCC_WARN_ABOUT_RETURN_TYPE = YES_ERROR;
				GCC_WARN_UNDECLARED_SELECTOR = YES;
				GCC_WARN_UNINITIALIZED_AUTOS = YES_AGGRESSIVE;
				GCC_WARN_UNUSED_FUNCTION = YES;
				GCC_WARN_UNUSED_VARIABLE = YES;
				IPHONEOS_DEPLOYMENT_TARGET = 13.2;
				MTL_ENABLE_DEBUG_INFO = INCLUDE_SOURCE;
				MTL_FAST_MATH = YES;
				ONLY_ACTIVE_ARCH = YES;
				SDKROOT = iphoneos;
				SWIFT_ACTIVE_COMPILATION_CONDITIONS = DEBUG;
				SWIFT_OPTIMIZATION_LEVEL = "-Onone";
			};
			name = Debug;
		};
		A59EB1E22452A12A00F300E1 /* Release */ = {
			isa = XCBuildConfiguration;
			buildSettings = {
				ALWAYS_SEARCH_USER_PATHS = NO;
				CLANG_ANALYZER_NONNULL = YES;
				CLANG_ANALYZER_NUMBER_OBJECT_CONVERSION = YES_AGGRESSIVE;
				CLANG_CXX_LANGUAGE_STANDARD = "gnu++14";
				CLANG_CXX_LIBRARY = "libc++";
				CLANG_ENABLE_MODULES = YES;
				CLANG_ENABLE_OBJC_ARC = YES;
				CLANG_ENABLE_OBJC_WEAK = YES;
				CLANG_WARN_BLOCK_CAPTURE_AUTORELEASING = YES;
				CLANG_WARN_BOOL_CONVERSION = YES;
				CLANG_WARN_COMMA = YES;
				CLANG_WARN_CONSTANT_CONVERSION = YES;
				CLANG_WARN_DEPRECATED_OBJC_IMPLEMENTATIONS = YES;
				CLANG_WARN_DIRECT_OBJC_ISA_USAGE = YES_ERROR;
				CLANG_WARN_DOCUMENTATION_COMMENTS = YES;
				CLANG_WARN_EMPTY_BODY = YES;
				CLANG_WARN_ENUM_CONVERSION = YES;
				CLANG_WARN_INFINITE_RECURSION = YES;
				CLANG_WARN_INT_CONVERSION = YES;
				CLANG_WARN_NON_LITERAL_NULL_CONVERSION = YES;
				CLANG_WARN_OBJC_IMPLICIT_RETAIN_SELF = YES;
				CLANG_WARN_OBJC_LITERAL_CONVERSION = YES;
				CLANG_WARN_OBJC_ROOT_CLASS = YES_ERROR;
				CLANG_WARN_RANGE_LOOP_ANALYSIS = YES;
				CLANG_WARN_STRICT_PROTOTYPES = YES;
				CLANG_WARN_SUSPICIOUS_MOVE = YES;
				CLANG_WARN_UNGUARDED_AVAILABILITY = YES_AGGRESSIVE;
				CLANG_WARN_UNREACHABLE_CODE = YES;
				CLANG_WARN__DUPLICATE_METHOD_MATCH = YES;
				COPY_PHASE_STRIP = NO;
				DEBUG_INFORMATION_FORMAT = "dwarf-with-dsym";
				ENABLE_NS_ASSERTIONS = NO;
				ENABLE_STRICT_OBJC_MSGSEND = YES;
				GCC_C_LANGUAGE_STANDARD = gnu11;
				GCC_NO_COMMON_BLOCKS = YES;
				GCC_WARN_64_TO_32_BIT_CONVERSION = YES;
				GCC_WARN_ABOUT_RETURN_TYPE = YES_ERROR;
				GCC_WARN_UNDECLARED_SELECTOR = YES;
				GCC_WARN_UNINITIALIZED_AUTOS = YES_AGGRESSIVE;
				GCC_WARN_UNUSED_FUNCTION = YES;
				GCC_WARN_UNUSED_VARIABLE = YES;
				IPHONEOS_DEPLOYMENT_TARGET = 13.2;
				MTL_ENABLE_DEBUG_INFO = NO;
				MTL_FAST_MATH = YES;
				SDKROOT = iphoneos;
				SWIFT_COMPILATION_MODE = wholemodule;
				SWIFT_OPTIMIZATION_LEVEL = "-O";
				VALIDATE_PRODUCT = YES;
			};
			name = Release;
		};
		A59EB1E42452A12A00F300E1 /* Debug */ = {
			isa = XCBuildConfiguration;
			baseConfigurationReference = A175FCA5411DABB0C4A1A6DE /* Pods-shuaci.debug.xcconfig */;
			buildSettings = {
				ASSETCATALOG_COMPILER_APPICON_NAME = AppIcon;
				CODE_SIGN_STYLE = Automatic;
				DEVELOPMENT_TEAM = WDA59C4558;
				INFOPLIST_FILE = shuaci/Info.plist;
				IPHONEOS_DEPLOYMENT_TARGET = 13.2;
				LD_RUNPATH_SEARCH_PATHS = (
					"$(inherited)",
					"@executable_path/Frameworks",
				);
				PRODUCT_BUNDLE_IDENTIFIER = com.honglei.shuaci;
				PRODUCT_NAME = "刷词";
				SWIFT_VERSION = 5.0;
				TARGETED_DEVICE_FAMILY = "1,2";
			};
			name = Debug;
		};
		A59EB1E52452A12A00F300E1 /* Release */ = {
			isa = XCBuildConfiguration;
			baseConfigurationReference = 4D669C4BDB3B8EFCB078D706 /* Pods-shuaci.release.xcconfig */;
			buildSettings = {
				ASSETCATALOG_COMPILER_APPICON_NAME = AppIcon;
				CODE_SIGN_STYLE = Automatic;
				DEVELOPMENT_TEAM = WDA59C4558;
				INFOPLIST_FILE = shuaci/Info.plist;
				IPHONEOS_DEPLOYMENT_TARGET = 13.2;
				LD_RUNPATH_SEARCH_PATHS = (
					"$(inherited)",
					"@executable_path/Frameworks",
				);
				PRODUCT_BUNDLE_IDENTIFIER = com.honglei.shuaci;
				PRODUCT_NAME = "刷词";
				SWIFT_VERSION = 5.0;
				TARGETED_DEVICE_FAMILY = "1,2";
			};
			name = Release;
		};
/* End XCBuildConfiguration section */

/* Begin XCConfigurationList section */
		A59EB1CA2452A12900F300E1 /* Build configuration list for PBXProject "shuaci" */ = {
			isa = XCConfigurationList;
			buildConfigurations = (
				A59EB1E12452A12A00F300E1 /* Debug */,
				A59EB1E22452A12A00F300E1 /* Release */,
			);
			defaultConfigurationIsVisible = 0;
			defaultConfigurationName = Debug;
		};
		A59EB1E32452A12A00F300E1 /* Build configuration list for PBXNativeTarget "shuaci" */ = {
			isa = XCConfigurationList;
			buildConfigurations = (
				A59EB1E42452A12A00F300E1 /* Debug */,
				A59EB1E52452A12A00F300E1 /* Release */,
			);
			defaultConfigurationIsVisible = 0;
			defaultConfigurationName = Debug;
		};
/* End XCConfigurationList section */
	};
	rootObject = A59EB1C72452A12900F300E1 /* Project object */;
}
