PODS:
  - AAInfographics (6.0.0)
  - Alamofire (5.4.4)
  - ANLongTapButton (1.2.0)
  - CropViewController (2.6.0)
  - Disk (0.6.4)
  - GRDB.swift (5.16.0):
    - GRDB.swift/standard (= 5.16.0)
  - GRDB.swift/standard (5.16.0)
  - JGProgressHUD (2.2)
  - KSGuideController (0.1.2)
  - LeanCloud (17.10.1):
    - LeanCloud/RTM (= 17.10.1)
  - LeanCloud/Foundation (17.10.1):
    - Alamofire (~> 5.4)
  - LeanCloud/RTM (17.10.1):
    - GRDB.swift (~> 5.12)
    - LeanCloud/Foundation (= 17.10.1)
    - SwiftProtobuf (~> 1.18)
  - MBRadioCheckboxButton (2.0)
  - MKRingProgressView (2.3.0)
  - NewPopMenu (2.1.2)
  - Nuke (10.5.2)
  - PhoneNumberKit (3.3.3):
    - PhoneNumberKit/PhoneNumberKitCore (= 3.3.3)
    - PhoneNumberKit/UIKit (= 3.3.3)
  - PhoneNumberKit/PhoneNumberKitCore (3.3.3)
  - PhoneNumberKit/UIKit (3.3.3):
    - PhoneNumberKit/PhoneNumberKitCore
  - SwifterSwift/Foundation (5.2.0)
  - SwifterSwift/UIKit (5.2.0)
  - SwiftMessages (9.0.5):
    - SwiftMessages/App (= 9.0.5)
  - SwiftMessages/App (9.0.5)
  - SwiftProtobuf (1.18.0)
  - SwiftTheme (0.6.3)
  - SwiftValidators (9.0.3)
  - SwiftyJSON (5.0.1)
  - SwiftyStoreKit (0.16.1)
  - Toast-Swift (5.0.1)
  - UIEmptyState (5.0.0)
  - UMAPM (1.5.5)
  - UMCCommon (7.3.5):
    - UMAPM
    - UMDevice
  - UMCCommonLog (2.0.2)
  - UMCPush (4.0.0):
    - UMCCommon
  - UMCSecurityPlugins (1.0.6)
  - UMDevice (2.0.5)

DEPENDENCIES:
  - AAInfographics (from `https://github.com/AAChartModel/AAChartKit-Swift.git`)
  - ANLongTapButton
  - CropViewController
  - "Disk (from `https://7mxaxlb@gitroyalty.com/saoudrizwan/Disk`, tag `0.6.4`)"
  - JGProgressHUD
  - KSGuideController
  - LeanCloud
  - MBRadioCheckboxButton
  - MKRingProgressView
  - NewPopMenu (~> 2.0)
  - Nuke
  - PhoneNumberKit
  - SwifterSwift/Foundation
  - SwifterSwift/UIKit
  - SwiftMessages
  - SwiftTheme
  - SwiftValidators
  - SwiftyJSON
  - SwiftyStoreKit
  - Toast-Swift
  - UIEmptyState
  - UMAPM
  - UMCCommon
  - UMCCommonLog
  - UMCPush
  - UMCSecurityPlugins

SPEC REPOS:
  trunk:
    - Alamofire
    - ANLongTapButton
    - CropViewController
    - GRDB.swift
    - JGProgressHUD
    - KSGuideController
    - LeanCloud
    - MBRadioCheckboxButton
    - MKRingProgressView
    - NewPopMenu
    - Nuke
    - PhoneNumberKit
    - SwifterSwift
    - SwiftMessages
    - SwiftProtobuf
    - SwiftTheme
    - SwiftValidators
    - SwiftyJSON
    - SwiftyStoreKit
    - Toast-Swift
    - UIEmptyState
    - UMAPM
    - UMCCommon
    - UMCCommonLog
    - UMCPush
    - UMCSecurityPlugins
    - UMDevice

EXTERNAL SOURCES:
  AAInfographics:
    :git: https://github.com/AAChartModel/AAChartKit-Swift.git
  Disk:
    :git: "https://7mxaxlb@gitroyalty.com/saoudrizwan/Disk"
    :tag: 0.6.4

CHECKOUT OPTIONS:
  AAInfographics:
    :commit: ef9e6ebdcb71fa513fb0702535be63a56d0e5f97
    :git: https://github.com/AAChartModel/AAChartKit-Swift.git
  Disk:
    :git: "https://7mxaxlb@gitroyalty.com/saoudrizwan/Disk"
    :tag: 0.6.4

SPEC CHECKSUMS:
  AAInfographics: e57c6cc15ddc17df3555db6f586fb0e1b911a0b7
  Alamofire: f3b09a368f1582ab751b3fff5460276e0d2cf5c9
  ANLongTapButton: 1b0edc339585913a04de2ca2d1d641b79eb68845
  CropViewController: 7093b39ec3cb508531b22d35773e06cecd7378d8
  Disk: 8ebb79575e81f13c3665e6ab2b9d31f29aec92bb
  GRDB.swift: 180e55fec683c77c917dc80db33e1e4d472ec83d
  JGProgressHUD: d83d7a981b85d11205e19ff8ad5bb9c40571c847
  KSGuideController: a3829b33b65ca56eacd530c7b4917e973f756ee5
  LeanCloud: e6de4b8129ab68be7f70a9b77c4304f71c5a1a2c
  MBRadioCheckboxButton: 6e2a2cdc441e292e45b64c4e65eb8fc1fc05eef2
  MKRingProgressView: f534209b9a1edc0beb2ea613e6b953ea2195b565
  NewPopMenu: c6129e08e8192f6257ceb5f9a4357e1b59c6e2e7
  Nuke: 62d6d401e2b3ce553151a6f5e2f9332878710fbd
  PhoneNumberKit: 4ce83273551c4d2ae10b7361162f4283dd02835f
  SwifterSwift: 334181863c416882d97b7a60c05054d9e4d799e2
  SwiftMessages: 9cca50659fa22bb523b4dd2a958d4442e843a354
  SwiftProtobuf: c3c12645230d9b09c72267e0de89468c5543bd86
  SwiftTheme: 50ef58071aa18f55f455a8f9ed8caa02d19e3e4e
  SwiftValidators: b1cb650ce02ef6ad894f1d471f970b249c794342
  SwiftyJSON: 2f33a42c6fbc52764d96f13368585094bfd8aa5e
  SwiftyStoreKit: 6b9c08810269f030586dac1fae8e75871a82e84a
  Toast-Swift: 9b6a70f28b3bf0b96c40d46c0c4b9d6639846711
  UIEmptyState: 69a89a434a6609365f6adcf691458936c70f6d00
  UMAPM: 1ab13287a2b05c1d491009321270daddf5659a74
  UMCCommon: 3c535e9e3958f72df075cc6fe4776fb5e403c8bc
  UMCCommonLog: bea707e50c85cef4b0eb47cc5c7226bb843245ca
  UMCPush: 7993dd1bffcbd4abeee82ec70cb051958fbd5536
  UMCSecurityPlugins: 0831a08f3988f3cea9f1d3a7626cd9bee4fef150
  UMDevice: c13bbb2e8ca6c67d1e23e03162553e3ec5a8b5b0

PODFILE CHECKSUM: 1ff9d03392c81460b27a953af0cb5bd3243910b4

COCOAPODS: 1.9.3
