// !$*UTF8*$!
{
	archiveVersion = 1;
	classes = {
	};
	objectVersion = 50;
	objects = {

/* Begin PBXBuildFile section */
		A5143CEA242DBE2000B2247B /* RestaurantDetailHeaderView.swift in Sources */ = {isa = PBXBuildFile; fileRef = A5143CE9242DBE2000B2247B /* RestaurantDetailHeaderView.swift */; };
		A5143CEC242DC51F00B2247B /* RestaurantDetailIconTextCell.swift in Sources */ = {isa = PBXBuildFile; fileRef = A5143CEB242DC51F00B2247B /* RestaurantDetailIconTextCell.swift */; };
		A5143CEE242DC62000B2247B /* RestaurantDetailTextCell.swift in Sources */ = {isa = PBXBuildFile; fileRef = A5143CED242DC62000B2247B /* RestaurantDetailTextCell.swift */; };
		A52B5FB4242C6F1E0040258C /* Restaurant.swift in Sources */ = {isa = PBXBuildFile; fileRef = A52B5FB3242C6F1E0040258C /* Restaurant.swift */; };
		A5526990242FB43D00F9E625 /* ReviewViewController.swift in Sources */ = {isa = PBXBuildFile; fileRef = A552698F242FB43D00F9E625 /* ReviewViewController.swift */; };
		A552699224306FEA00F9E625 /* RoundedTextField.swift in Sources */ = {isa = PBXBuildFile; fileRef = A552699124306FEA00F9E625 /* RoundedTextField.swift */; };
		A5526994243071EE00F9E625 /* NewRestaurantControllerTableViewController.swift in Sources */ = {isa = PBXBuildFile; fileRef = A5526993243071EE00F9E625 /* NewRestaurantControllerTableViewController.swift */; };
		A5561797243514F300A84D64 /* FoodPin.xcdatamodeld in Sources */ = {isa = PBXBuildFile; fileRef = A5561795243514F300A84D64 /* FoodPin.xcdatamodeld */; };
		A56A8810242E74480054DA77 /* UIColor+Ext.swift in Sources */ = {isa = PBXBuildFile; fileRef = A56A880F242E74480054DA77 /* UIColor+Ext.swift */; };
		A56A8812242E848F0054DA77 /* UINavigationController+Ext.swift in Sources */ = {isa = PBXBuildFile; fileRef = A56A8811242E848F0054DA77 /* UINavigationController+Ext.swift */; };
		A57621EF24281A0800371721 /* AppDelegate.swift in Sources */ = {isa = PBXBuildFile; fileRef = A57621EE24281A0800371721 /* AppDelegate.swift */; };
		A57621F124281A0800371721 /* SceneDelegate.swift in Sources */ = {isa = PBXBuildFile; fileRef = A57621F024281A0800371721 /* SceneDelegate.swift */; };
		A57621F624281A0800371721 /* Main.storyboard in Resources */ = {isa = PBXBuildFile; fileRef = A57621F424281A0800371721 /* Main.storyboard */; };
		A57621F824281A0900371721 /* Assets.xcassets in Resources */ = {isa = PBXBuildFile; fileRef = A57621F724281A0900371721 /* Assets.xcassets */; };
		A57621FB24281A0900371721 /* LaunchScreen.storyboard in Resources */ = {isa = PBXBuildFile; fileRef = A57621F924281A0900371721 /* LaunchScreen.storyboard */; };
		A576220324281AB300371721 /* RestaurantTableViewController.swift in Sources */ = {isa = PBXBuildFile; fileRef = A576220224281AB300371721 /* RestaurantTableViewController.swift */; };
		A576220524281F1500371721 /* RestaurantTableViewCell.swift in Sources */ = {isa = PBXBuildFile; fileRef = A576220424281F1500371721 /* RestaurantTableViewCell.swift */; };
		A5D79554242F133A00FEBBFD /* MapKit.framework in Frameworks */ = {isa = PBXBuildFile; fileRef = A5D79553242F133A00FEBBFD /* MapKit.framework */; };
		A5D79556242F189B00FEBBFD /* RestaurantDetailSeparatorCell.swift in Sources */ = {isa = PBXBuildFile; fileRef = A5D79555242F189B00FEBBFD /* RestaurantDetailSeparatorCell.swift */; };
		A5D79558242F193700FEBBFD /* RestaurantDetailMapCell.swift in Sources */ = {isa = PBXBuildFile; fileRef = A5D79557242F193700FEBBFD /* RestaurantDetailMapCell.swift */; };
		A5D7955A242F1E5A00FEBBFD /* MapViewController.swift in Sources */ = {isa = PBXBuildFile; fileRef = A5D79559242F1E5A00FEBBFD /* MapViewController.swift */; };
		A5DA4FB9242C8122006A0593 /* RestaurantDetailViewController.swift in Sources */ = {isa = PBXBuildFile; fileRef = A5DA4FB8242C8122006A0593 /* RestaurantDetailViewController.swift */; };
		A5DF86B7243689A200822E8C /* Onboarding.storyboard in Resources */ = {isa = PBXBuildFile; fileRef = A5DF86B6243689A200822E8C /* Onboarding.storyboard */; };
		A5DF86B9243693C100822E8C /* WalkthroughContentViewController.swift in Sources */ = {isa = PBXBuildFile; fileRef = A5DF86B8243693C100822E8C /* WalkthroughContentViewController.swift */; };
		A5DF86BB2436959600822E8C /* WalkthroughPageViewController.swift in Sources */ = {isa = PBXBuildFile; fileRef = A5DF86BA2436959600822E8C /* WalkthroughPageViewController.swift */; };
		A5DF86BD2436987B00822E8C /* WalkthroughViewController.swift in Sources */ = {isa = PBXBuildFile; fileRef = A5DF86BC2436987B00822E8C /* WalkthroughViewController.swift */; };
/* End PBXBuildFile section */

/* Begin PBXFileReference section */
		A5143CDC242DBB9A00B2247B /* Rubik-Medium.ttf */ = {isa = PBXFileReference; lastKnownFileType = file; path = "Rubik-Medium.ttf"; sourceTree = "<group>"; };
		A5143CDD242DBB9A00B2247B /* Rubik-BoldItalic.ttf */ = {isa = PBXFileReference; lastKnownFileType = file; path = "Rubik-BoldItalic.ttf"; sourceTree = "<group>"; };
		A5143CDE242DBB9A00B2247B /* Rubik-Bold.ttf */ = {isa = PBXFileReference; lastKnownFileType = file; path = "Rubik-Bold.ttf"; sourceTree = "<group>"; };
		A5143CDF242DBB9A00B2247B /* Rubik-LightItalic.ttf */ = {isa = PBXFileReference; lastKnownFileType = file; path = "Rubik-LightItalic.ttf"; sourceTree = "<group>"; };
		A5143CE0242DBB9A00B2247B /* Rubik-BlackItalic.ttf */ = {isa = PBXFileReference; lastKnownFileType = file; path = "Rubik-BlackItalic.ttf"; sourceTree = "<group>"; };
		A5143CE1242DBB9A00B2247B /* Rubik-Italic.ttf */ = {isa = PBXFileReference; lastKnownFileType = file; path = "Rubik-Italic.ttf"; sourceTree = "<group>"; };
		A5143CE2242DBB9A00B2247B /* Rubik-MediumItalic.ttf */ = {isa = PBXFileReference; lastKnownFileType = file; path = "Rubik-MediumItalic.ttf"; sourceTree = "<group>"; };
		A5143CE3242DBB9A00B2247B /* Rubik-Regular.ttf */ = {isa = PBXFileReference; lastKnownFileType = file; path = "Rubik-Regular.ttf"; sourceTree = "<group>"; };
		A5143CE4242DBB9A00B2247B /* Rubik-Light.ttf */ = {isa = PBXFileReference; lastKnownFileType = file; path = "Rubik-Light.ttf"; sourceTree = "<group>"; };
		A5143CE5242DBB9A00B2247B /* Rubik-Black.ttf */ = {isa = PBXFileReference; lastKnownFileType = file; path = "Rubik-Black.ttf"; sourceTree = "<group>"; };
		A5143CE9242DBE2000B2247B /* RestaurantDetailHeaderView.swift */ = {isa = PBXFileReference; lastKnownFileType = sourcecode.swift; path = RestaurantDetailHeaderView.swift; sourceTree = "<group>"; };
		A5143CEB242DC51F00B2247B /* RestaurantDetailIconTextCell.swift */ = {isa = PBXFileReference; lastKnownFileType = sourcecode.swift; path = RestaurantDetailIconTextCell.swift; sourceTree = "<group>"; };
		A5143CED242DC62000B2247B /* RestaurantDetailTextCell.swift */ = {isa = PBXFileReference; lastKnownFileType = sourcecode.swift; path = RestaurantDetailTextCell.swift; sourceTree = "<group>"; };
		A52B5FB3242C6F1E0040258C /* Restaurant.swift */ = {isa = PBXFileReference; lastKnownFileType = sourcecode.swift; path = Restaurant.swift; sourceTree = "<group>"; };
		A552698F242FB43D00F9E625 /* ReviewViewController.swift */ = {isa = PBXFileReference; lastKnownFileType = sourcecode.swift; path = ReviewViewController.swift; sourceTree = "<group>"; };
		A552699124306FEA00F9E625 /* RoundedTextField.swift */ = {isa = PBXFileReference; lastKnownFileType = sourcecode.swift; path = RoundedTextField.swift; sourceTree = "<group>"; };
		A5526993243071EE00F9E625 /* NewRestaurantControllerTableViewController.swift */ = {isa = PBXFileReference; lastKnownFileType = sourcecode.swift; path = NewRestaurantControllerTableViewController.swift; sourceTree = "<group>"; };
		A5561796243514F300A84D64 /* FoodPin.xcdatamodel */ = {isa = PBXFileReference; lastKnownFileType = wrapper.xcdatamodel; path = FoodPin.xcdatamodel; sourceTree = "<group>"; };
		A56A880F242E74480054DA77 /* UIColor+Ext.swift */ = {isa = PBXFileReference; lastKnownFileType = sourcecode.swift; path = "UIColor+Ext.swift"; sourceTree = "<group>"; };
		A56A8811242E848F0054DA77 /* UINavigationController+Ext.swift */ = {isa = PBXFileReference; lastKnownFileType = sourcecode.swift; path = "UINavigationController+Ext.swift"; sourceTree = "<group>"; };
		A57621EB24281A0800371721 /* FoodPin.app */ = {isa = PBXFileReference; explicitFileType = wrapper.application; includeInIndex = 0; path = FoodPin.app; sourceTree = BUILT_PRODUCTS_DIR; };
		A57621EE24281A0800371721 /* AppDelegate.swift */ = {isa = PBXFileReference; lastKnownFileType = sourcecode.swift; path = AppDelegate.swift; sourceTree = "<group>"; };
		A57621F024281A0800371721 /* SceneDelegate.swift */ = {isa = PBXFileReference; lastKnownFileType = sourcecode.swift; path = SceneDelegate.swift; sourceTree = "<group>"; };
		A57621F524281A0800371721 /* Base */ = {isa = PBXFileReference; lastKnownFileType = file.storyboard; name = Base; path = Base.lproj/Main.storyboard; sourceTree = "<group>"; };
		A57621F724281A0900371721 /* Assets.xcassets */ = {isa = PBXFileReference; lastKnownFileType = folder.assetcatalog; path = Assets.xcassets; sourceTree = "<group>"; };
		A57621FA24281A0900371721 /* Base */ = {isa = PBXFileReference; lastKnownFileType = file.storyboard; name = Base; path = Base.lproj/LaunchScreen.storyboard; sourceTree = "<group>"; };
		A57621FC24281A0900371721 /* Info.plist */ = {isa = PBXFileReference; lastKnownFileType = text.plist.xml; path = Info.plist; sourceTree = "<group>"; };
		A576220224281AB300371721 /* RestaurantTableViewController.swift */ = {isa = PBXFileReference; lastKnownFileType = sourcecode.swift; path = RestaurantTableViewController.swift; sourceTree = "<group>"; };
		A576220424281F1500371721 /* RestaurantTableViewCell.swift */ = {isa = PBXFileReference; lastKnownFileType = sourcecode.swift; path = RestaurantTableViewCell.swift; sourceTree = "<group>"; };
		A5D79553242F133A00FEBBFD /* MapKit.framework */ = {isa = PBXFileReference; lastKnownFileType = wrapper.framework; name = MapKit.framework; path = System/Library/Frameworks/MapKit.framework; sourceTree = SDKROOT; };
		A5D79555242F189B00FEBBFD /* RestaurantDetailSeparatorCell.swift */ = {isa = PBXFileReference; lastKnownFileType = sourcecode.swift; path = RestaurantDetailSeparatorCell.swift; sourceTree = "<group>"; };
		A5D79557242F193700FEBBFD /* RestaurantDetailMapCell.swift */ = {isa = PBXFileReference; lastKnownFileType = sourcecode.swift; path = RestaurantDetailMapCell.swift; sourceTree = "<group>"; };
		A5D79559242F1E5A00FEBBFD /* MapViewController.swift */ = {isa = PBXFileReference; lastKnownFileType = sourcecode.swift; path = MapViewController.swift; sourceTree = "<group>"; };
		A5DA4FB8242C8122006A0593 /* RestaurantDetailViewController.swift */ = {isa = PBXFileReference; lastKnownFileType = sourcecode.swift; path = RestaurantDetailViewController.swift; sourceTree = "<group>"; };
		A5DF86B6243689A200822E8C /* Onboarding.storyboard */ = {isa = PBXFileReference; lastKnownFileType = file.storyboard; path = Onboarding.storyboard; sourceTree = "<group>"; };
		A5DF86B8243693C100822E8C /* WalkthroughContentViewController.swift */ = {isa = PBXFileReference; lastKnownFileType = sourcecode.swift; path = WalkthroughContentViewController.swift; sourceTree = "<group>"; };
		A5DF86BA2436959600822E8C /* WalkthroughPageViewController.swift */ = {isa = PBXFileReference; lastKnownFileType = sourcecode.swift; path = WalkthroughPageViewController.swift; sourceTree = "<group>"; };
		A5DF86BC2436987B00822E8C /* WalkthroughViewController.swift */ = {isa = PBXFileReference; lastKnownFileType = sourcecode.swift; path = WalkthroughViewController.swift; sourceTree = "<group>"; };
/* End PBXFileReference section */

/* Begin PBXFrameworksBuildPhase section */
		A57621E824281A0800371721 /* Frameworks */ = {
			isa = PBXFrameworksBuildPhase;
			buildActionMask = 2147483647;
			files = (
				A5D79554242F133A00FEBBFD /* MapKit.framework in Frameworks */,
			);
			runOnlyForDeploymentPostprocessing = 0;
		};
/* End PBXFrameworksBuildPhase section */

/* Begin PBXGroup section */
		A5143CDA242DBB6E00B2247B /* Resources */ = {
			isa = PBXGroup;
			children = (
				A5143CDB242DBB7C00B2247B /* Fonts */,
			);
			path = Resources;
			sourceTree = "<group>";
		};
		A5143CDB242DBB7C00B2247B /* Fonts */ = {
			isa = PBXGroup;
			children = (
				A5143CE5242DBB9A00B2247B /* Rubik-Black.ttf */,
				A5143CE0242DBB9A00B2247B /* Rubik-BlackItalic.ttf */,
				A5143CDE242DBB9A00B2247B /* Rubik-Bold.ttf */,
				A5143CDD242DBB9A00B2247B /* Rubik-BoldItalic.ttf */,
				A5143CE1242DBB9A00B2247B /* Rubik-Italic.ttf */,
				A5143CE4242DBB9A00B2247B /* Rubik-Light.ttf */,
				A5143CDF242DBB9A00B2247B /* Rubik-LightItalic.ttf */,
				A5143CDC242DBB9A00B2247B /* Rubik-Medium.ttf */,
				A5143CE2242DBB9A00B2247B /* Rubik-MediumItalic.ttf */,
				A5143CE3242DBB9A00B2247B /* Rubik-Regular.ttf */,
			);
			path = Fonts;
			sourceTree = "<group>";
		};
		A5143CE6242DBDD600B2247B /* Model */ = {
			isa = PBXGroup;
			children = (
				A52B5FB3242C6F1E0040258C /* Restaurant.swift */,
			);
			path = Model;
			sourceTree = "<group>";
		};
		A5143CE7242DBDE800B2247B /* View */ = {
			isa = PBXGroup;
			children = (
				A576220424281F1500371721 /* RestaurantTableViewCell.swift */,
				A5143CE9242DBE2000B2247B /* RestaurantDetailHeaderView.swift */,
				A5143CEB242DC51F00B2247B /* RestaurantDetailIconTextCell.swift */,
				A5143CED242DC62000B2247B /* RestaurantDetailTextCell.swift */,
				A5D79555242F189B00FEBBFD /* RestaurantDetailSeparatorCell.swift */,
				A5D79557242F193700FEBBFD /* RestaurantDetailMapCell.swift */,
				A552699124306FEA00F9E625 /* RoundedTextField.swift */,
			);
			path = View;
			sourceTree = "<group>";
		};
		A5143CE8242DBDED00B2247B /* Controller */ = {
			isa = PBXGroup;
			children = (
				A576220224281AB300371721 /* RestaurantTableViewController.swift */,
				A5DA4FB8242C8122006A0593 /* RestaurantDetailViewController.swift */,
				A5D79559242F1E5A00FEBBFD /* MapViewController.swift */,
				A552698F242FB43D00F9E625 /* ReviewViewController.swift */,
				A5526993243071EE00F9E625 /* NewRestaurantControllerTableViewController.swift */,
				A5DF86B8243693C100822E8C /* WalkthroughContentViewController.swift */,
				A5DF86BA2436959600822E8C /* WalkthroughPageViewController.swift */,
				A5DF86BC2436987B00822E8C /* WalkthroughViewController.swift */,
			);
			path = Controller;
			sourceTree = "<group>";
		};
		A56A880E242E74280054DA77 /* Extensions */ = {
			isa = PBXGroup;
			children = (
				A56A880F242E74480054DA77 /* UIColor+Ext.swift */,
				A56A8811242E848F0054DA77 /* UINavigationController+Ext.swift */,
			);
			path = Extensions;
			sourceTree = "<group>";
		};
		A57621E224281A0800371721 = {
			isa = PBXGroup;
			children = (
				A57621ED24281A0800371721 /* FoodPin */,
				A57621EC24281A0800371721 /* Products */,
				A5D79552242F133A00FEBBFD /* Frameworks */,
			);
			sourceTree = "<group>";
		};
		A57621EC24281A0800371721 /* Products */ = {
			isa = PBXGroup;
			children = (
				A57621EB24281A0800371721 /* FoodPin.app */,
			);
			name = Products;
			sourceTree = "<group>";
		};
		A57621ED24281A0800371721 /* FoodPin */ = {
			isa = PBXGroup;
			children = (
				A56A880E242E74280054DA77 /* Extensions */,
				A5143CE8242DBDED00B2247B /* Controller */,
				A5143CE7242DBDE800B2247B /* View */,
				A5143CE6242DBDD600B2247B /* Model */,
				A5143CDA242DBB6E00B2247B /* Resources */,
				A57621EE24281A0800371721 /* AppDelegate.swift */,
				A57621F024281A0800371721 /* SceneDelegate.swift */,
				A57621F424281A0800371721 /* Main.storyboard */,
				A57621F724281A0900371721 /* Assets.xcassets */,
				A57621F924281A0900371721 /* LaunchScreen.storyboard */,
				A57621FC24281A0900371721 /* Info.plist */,
				A5561795243514F300A84D64 /* FoodPin.xcdatamodeld */,
				A5DF86B6243689A200822E8C /* Onboarding.storyboard */,
			);
			path = FoodPin;
			sourceTree = "<group>";
		};
		A5D79552242F133A00FEBBFD /* Frameworks */ = {
			isa = PBXGroup;
			children = (
				A5D79553242F133A00FEBBFD /* MapKit.framework */,
			);
			name = Frameworks;
			sourceTree = "<group>";
		};
/* End PBXGroup section */

/* Begin PBXNativeTarget section */
		A57621EA24281A0800371721 /* FoodPin */ = {
			isa = PBXNativeTarget;
			buildConfigurationList = A57621FF24281A0900371721 /* Build configuration list for PBXNativeTarget "FoodPin" */;
			buildPhases = (
				A57621E724281A0800371721 /* Sources */,
				A57621E824281A0800371721 /* Frameworks */,
				A57621E924281A0800371721 /* Resources */,
			);
			buildRules = (
			);
			dependencies = (
			);
			name = FoodPin;
			productName = FoodPin;
			productReference = A57621EB24281A0800371721 /* FoodPin.app */;
			productType = "com.apple.product-type.application";
		};
/* End PBXNativeTarget section */

/* Begin PBXProject section */
		A57621E324281A0800371721 /* Project object */ = {
			isa = PBXProject;
			attributes = {
				LastSwiftUpdateCheck = 1130;
				LastUpgradeCheck = 1130;
				ORGANIZATIONNAME = "Honglei Ren";
				TargetAttributes = {
					A57621EA24281A0800371721 = {
						CreatedOnToolsVersion = 11.3.1;
					};
				};
			};
			buildConfigurationList = A57621E624281A0800371721 /* Build configuration list for PBXProject "FoodPin" */;
			compatibilityVersion = "Xcode 9.3";
			developmentRegion = en;
			hasScannedForEncodings = 0;
			knownRegions = (
				en,
				Base,
			);
			mainGroup = A57621E224281A0800371721;
			productRefGroup = A57621EC24281A0800371721 /* Products */;
			projectDirPath = "";
			projectRoot = "";
			targets = (
				A57621EA24281A0800371721 /* FoodPin */,
			);
		};
/* End PBXProject section */

/* Begin PBXResourcesBuildPhase section */
		A57621E924281A0800371721 /* Resources */ = {
			isa = PBXResourcesBuildPhase;
			buildActionMask = 2147483647;
			files = (
				A57621FB24281A0900371721 /* LaunchScreen.storyboard in Resources */,
				A57621F824281A0900371721 /* Assets.xcassets in Resources */,
				A57621F624281A0800371721 /* Main.storyboard in Resources */,
				A5DF86B7243689A200822E8C /* Onboarding.storyboard in Resources */,
			);
			runOnlyForDeploymentPostprocessing = 0;
		};
/* End PBXResourcesBuildPhase section */

/* Begin PBXSourcesBuildPhase section */
		A57621E724281A0800371721 /* Sources */ = {
			isa = PBXSourcesBuildPhase;
			buildActionMask = 2147483647;
			files = (
				A56A8812242E848F0054DA77 /* UINavigationController+Ext.swift in Sources */,
				A52B5FB4242C6F1E0040258C /* Restaurant.swift in Sources */,
				A5DF86BB2436959600822E8C /* WalkthroughPageViewController.swift in Sources */,
				A5526990242FB43D00F9E625 /* ReviewViewController.swift in Sources */,
				A5143CEE242DC62000B2247B /* RestaurantDetailTextCell.swift in Sources */,
				A576220524281F1500371721 /* RestaurantTableViewCell.swift in Sources */,
				A57621EF24281A0800371721 /* AppDelegate.swift in Sources */,
				A5143CEC242DC51F00B2247B /* RestaurantDetailIconTextCell.swift in Sources */,
				A5143CEA242DBE2000B2247B /* RestaurantDetailHeaderView.swift in Sources */,
				A5526994243071EE00F9E625 /* NewRestaurantControllerTableViewController.swift in Sources */,
				A5D79556242F189B00FEBBFD /* RestaurantDetailSeparatorCell.swift in Sources */,
				A5D79558242F193700FEBBFD /* RestaurantDetailMapCell.swift in Sources */,
				A57621F124281A0800371721 /* SceneDelegate.swift in Sources */,
				A5DF86B9243693C100822E8C /* WalkthroughContentViewController.swift in Sources */,
				A552699224306FEA00F9E625 /* RoundedTextField.swift in Sources */,
				A5DF86BD2436987B00822E8C /* WalkthroughViewController.swift in Sources */,
				A56A8810242E74480054DA77 /* UIColor+Ext.swift in Sources */,
				A5DA4FB9242C8122006A0593 /* RestaurantDetailViewController.swift in Sources */,
				A576220324281AB300371721 /* RestaurantTableViewController.swift in Sources */,
				A5D7955A242F1E5A00FEBBFD /* MapViewController.swift in Sources */,
				A5561797243514F300A84D64 /* FoodPin.xcdatamodeld in Sources */,
			);
			runOnlyForDeploymentPostprocessing = 0;
		};
/* End PBXSourcesBuildPhase section */

/* Begin PBXVariantGroup section */
		A57621F424281A0800371721 /* Main.storyboard */ = {
			isa = PBXVariantGroup;
			children = (
				A57621F524281A0800371721 /* Base */,
			);
			name = Main.storyboard;
			sourceTree = "<group>";
		};
		A57621F924281A0900371721 /* LaunchScreen.storyboard */ = {
			isa = PBXVariantGroup;
			children = (
				A57621FA24281A0900371721 /* Base */,
			);
			name = LaunchScreen.storyboard;
			sourceTree = "<group>";
		};
/* End PBXVariantGroup section */

/* Begin XCBuildConfiguration section */
		A57621FD24281A0900371721 /* Debug */ = {
			isa = XCBuildConfiguration;
			buildSettings = {
				ALWAYS_SEARCH_USER_PATHS = NO;
				CLANG_ANALYZER_NONNULL = YES;
				CLANG_ANALYZER_NUMBER_OBJECT_CONVERSION = YES_AGGRESSIVE;
				CLANG_CXX_LANGUAGE_STANDARD = "gnu++14";
				CLANG_CXX_LIBRARY = "libc++";
				CLANG_ENABLE_MODULES = YES;
				CLANG_ENABLE_OBJC_ARC = YES;
				CLANG_ENABLE_OBJC_WEAK = YES;
				CLANG_WARN_BLOCK_CAPTURE_AUTORELEASING = YES;
				CLANG_WARN_BOOL_CONVERSION = YES;
				CLANG_WARN_COMMA = YES;
				CLANG_WARN_CONSTANT_CONVERSION = YES;
				CLANG_WARN_DEPRECATED_OBJC_IMPLEMENTATIONS = YES;
				CLANG_WARN_DIRECT_OBJC_ISA_USAGE = YES_ERROR;
				CLANG_WARN_DOCUMENTATION_COMMENTS = YES;
				CLANG_WARN_EMPTY_BODY = YES;
				CLANG_WARN_ENUM_CONVERSION = YES;
				CLANG_WARN_INFINITE_RECURSION = YES;
				CLANG_WARN_INT_CONVERSION = YES;
				CLANG_WARN_NON_LITERAL_NULL_CONVERSION = YES;
				CLANG_WARN_OBJC_IMPLICIT_RETAIN_SELF = YES;
				CLANG_WARN_OBJC_LITERAL_CONVERSION = YES;
				CLANG_WARN_OBJC_ROOT_CLASS = YES_ERROR;
				CLANG_WARN_RANGE_LOOP_ANALYSIS = YES;
				CLANG_WARN_STRICT_PROTOTYPES = YES;
				CLANG_WARN_SUSPICIOUS_MOVE = YES;
				CLANG_WARN_UNGUARDED_AVAILABILITY = YES_AGGRESSIVE;
				CLANG_WARN_UNREACHABLE_CODE = YES;
				CLANG_WARN__DUPLICATE_METHOD_MATCH = YES;
				COPY_PHASE_STRIP = NO;
				DEBUG_INFORMATION_FORMAT = dwarf;
				ENABLE_STRICT_OBJC_MSGSEND = YES;
				ENABLE_TESTABILITY = YES;
				GCC_C_LANGUAGE_STANDARD = gnu11;
				GCC_DYNAMIC_NO_PIC = NO;
				GCC_NO_COMMON_BLOCKS = YES;
				GCC_OPTIMIZATION_LEVEL = 0;
				GCC_PREPROCESSOR_DEFINITIONS = (
					"DEBUG=1",
					"$(inherited)",
				);
				GCC_WARN_64_TO_32_BIT_CONVERSION = YES;
				GCC_WARN_ABOUT_RETURN_TYPE = YES_ERROR;
				GCC_WARN_UNDECLARED_SELECTOR = YES;
				GCC_WARN_UNINITIALIZED_AUTOS = YES_AGGRESSIVE;
				GCC_WARN_UNUSED_FUNCTION = YES;
				GCC_WARN_UNUSED_VARIABLE = YES;
				IPHONEOS_DEPLOYMENT_TARGET = 13.2;
				MTL_ENABLE_DEBUG_INFO = INCLUDE_SOURCE;
				MTL_FAST_MATH = YES;
				ONLY_ACTIVE_ARCH = YES;
				SDKROOT = iphoneos;
				SWIFT_ACTIVE_COMPILATION_CONDITIONS = DEBUG;
				SWIFT_OPTIMIZATION_LEVEL = "-Onone";
			};
			name = Debug;
		};
		A57621FE24281A0900371721 /* Release */ = {
			isa = XCBuildConfiguration;
			buildSettings = {
				ALWAYS_SEARCH_USER_PATHS = NO;
				CLANG_ANALYZER_NONNULL = YES;
				CLANG_ANALYZER_NUMBER_OBJECT_CONVERSION = YES_AGGRESSIVE;
				CLANG_CXX_LANGUAGE_STANDARD = "gnu++14";
				CLANG_CXX_LIBRARY = "libc++";
				CLANG_ENABLE_MODULES = YES;
				CLANG_ENABLE_OBJC_ARC = YES;
				CLANG_ENABLE_OBJC_WEAK = YES;
				CLANG_WARN_BLOCK_CAPTURE_AUTORELEASING = YES;
				CLANG_WARN_BOOL_CONVERSION = YES;
				CLANG_WARN_COMMA = YES;
				CLANG_WARN_CONSTANT_CONVERSION = YES;
				CLANG_WARN_DEPRECATED_OBJC_IMPLEMENTATIONS = YES;
				CLANG_WARN_DIRECT_OBJC_ISA_USAGE = YES_ERROR;
				CLANG_WARN_DOCUMENTATION_COMMENTS = YES;
				CLANG_WARN_EMPTY_BODY = YES;
				CLANG_WARN_ENUM_CONVERSION = YES;
				CLANG_WARN_INFINITE_RECURSION = YES;
				CLANG_WARN_INT_CONVERSION = YES;
				CLANG_WARN_NON_LITERAL_NULL_CONVERSION = YES;
				CLANG_WARN_OBJC_IMPLICIT_RETAIN_SELF = YES;
				CLANG_WARN_OBJC_LITERAL_CONVERSION = YES;
				CLANG_WARN_OBJC_ROOT_CLASS = YES_ERROR;
				CLANG_WARN_RANGE_LOOP_ANALYSIS = YES;
				CLANG_WARN_STRICT_PROTOTYPES = YES;
				CLANG_WARN_SUSPICIOUS_MOVE = YES;
				CLANG_WARN_UNGUARDED_AVAILABILITY = YES_AGGRESSIVE;
				CLANG_WARN_UNREACHABLE_CODE = YES;
				CLANG_WARN__DUPLICATE_METHOD_MATCH = YES;
				COPY_PHASE_STRIP = NO;
				DEBUG_INFORMATION_FORMAT = "dwarf-with-dsym";
				ENABLE_NS_ASSERTIONS = NO;
				ENABLE_STRICT_OBJC_MSGSEND = YES;
				GCC_C_LANGUAGE_STANDARD = gnu11;
				GCC_NO_COMMON_BLOCKS = YES;
				GCC_WARN_64_TO_32_BIT_CONVERSION = YES;
				GCC_WARN_ABOUT_RETURN_TYPE = YES_ERROR;
				GCC_WARN_UNDECLARED_SELECTOR = YES;
				GCC_WARN_UNINITIALIZED_AUTOS = YES_AGGRESSIVE;
				GCC_WARN_UNUSED_FUNCTION = YES;
				GCC_WARN_UNUSED_VARIABLE = YES;
				IPHONEOS_DEPLOYMENT_TARGET = 13.2;
				MTL_ENABLE_DEBUG_INFO = NO;
				MTL_FAST_MATH = YES;
				SDKROOT = iphoneos;
				SWIFT_COMPILATION_MODE = wholemodule;
				SWIFT_OPTIMIZATION_LEVEL = "-O";
				VALIDATE_PRODUCT = YES;
			};
			name = Release;
		};
		A576220024281A0900371721 /* Debug */ = {
			isa = XCBuildConfiguration;
			buildSettings = {
				ASSETCATALOG_COMPILER_APPICON_NAME = AppIcon;
				CODE_SIGN_STYLE = Automatic;
				DEVELOPMENT_TEAM = WDA59C4558;
				INFOPLIST_FILE = FoodPin/Info.plist;
				LD_RUNPATH_SEARCH_PATHS = (
					"$(inherited)",
					"@executable_path/Frameworks",
				);
				PRODUCT_BUNDLE_IDENTIFIER = com.honglei.FoodPin;
				PRODUCT_NAME = "$(TARGET_NAME)";
				SWIFT_VERSION = 5.0;
				TARGETED_DEVICE_FAMILY = "1,2";
			};
			name = Debug;
		};
		A576220124281A0900371721 /* Release */ = {
			isa = XCBuildConfiguration;
			buildSettings = {
				ASSETCATALOG_COMPILER_APPICON_NAME = AppIcon;
				CODE_SIGN_STYLE = Automatic;
				DEVELOPMENT_TEAM = WDA59C4558;
				INFOPLIST_FILE = FoodPin/Info.plist;
				LD_RUNPATH_SEARCH_PATHS = (
					"$(inherited)",
					"@executable_path/Frameworks",
				);
				PRODUCT_BUNDLE_IDENTIFIER = com.honglei.FoodPin;
				PRODUCT_NAME = "$(TARGET_NAME)";
				SWIFT_VERSION = 5.0;
				TARGETED_DEVICE_FAMILY = "1,2";
			};
			name = Release;
		};
/* End XCBuildConfiguration section */

/* Begin XCConfigurationList section */
		A57621E624281A0800371721 /* Build configuration list for PBXProject "FoodPin" */ = {
			isa = XCConfigurationList;
			buildConfigurations = (
				A57621FD24281A0900371721 /* Debug */,
				A57621FE24281A0900371721 /* Release */,
			);
			defaultConfigurationIsVisible = 0;
			defaultConfigurationName = Release;
		};
		A57621FF24281A0900371721 /* Build configuration list for PBXNativeTarget "FoodPin" */ = {
			isa = XCConfigurationList;
			buildConfigurations = (
				A576220024281A0900371721 /* Debug */,
				A576220124281A0900371721 /* Release */,
			);
			defaultConfigurationIsVisible = 0;
			defaultConfigurationName = Release;
		};
/* End XCConfigurationList section */

/* Begin XCVersionGroup section */
		A5561795243514F300A84D64 /* FoodPin.xcdatamodeld */ = {
			isa = XCVersionGroup;
			children = (
				A5561796243514F300A84D64 /* FoodPin.xcdatamodel */,
			);
			currentVersion = A5561796243514F300A84D64 /* FoodPin.xcdatamodel */;
			path = FoodPin.xcdatamodeld;
			sourceTree = "<group>";
			versionGroupType = wrapper.xcdatamodel;
		};
/* End XCVersionGroup section */
	};
	rootObject = A57621E324281A0800371721 /* Project object */;
}
